// !$*UTF8*$!
{
	archiveVersion = 1;
	classes = {
	};
	objectVersion = 50;
	objects = {

/* Begin PBXBuildFile section */
		B1603C522521C0480022BE49 /* DailyModel.swift in Sources */ = {isa = PBXBuildFile; fileRef = B1603C512521C0480022BE49 /* DailyModel.swift */; };
		B1603C552521C5C20022BE49 /* TaskListTableViewCell.swift in Sources */ = {isa = PBXBuildFile; fileRef = B1603C542521C5C20022BE49 /* TaskListTableViewCell.swift */; };
		B1603C572521E1870022BE49 /* ContainerViewController.swift in Sources */ = {isa = PBXBuildFile; fileRef = B1603C562521E1870022BE49 /* ContainerViewController.swift */; };
		B1603C5A2521EAB70022BE49 /* UIViewController.swift in Sources */ = {isa = PBXBuildFile; fileRef = B1603C592521EAB70022BE49 /* UIViewController.swift */; };
		B1603C5C2521FC200022BE49 /* DetailTaskViewController.swift in Sources */ = {isa = PBXBuildFile; fileRef = B1603C5B2521FC200022BE49 /* DetailTaskViewController.swift */; };
		B1A913F0252056FA0021E15C /* AppDelegate.swift in Sources */ = {isa = PBXBuildFile; fileRef = B1A913EF252056FA0021E15C /* AppDelegate.swift */; };
		B1A913F4252056FA0021E15C /* ViewController.swift in Sources */ = {isa = PBXBuildFile; fileRef = B1A913F3252056FA0021E15C /* ViewController.swift */; };
		B1A913FA252056FA0021E15C /* Tasker.xcdatamodeld in Sources */ = {isa = PBXBuildFile; fileRef = B1A913F8252056FA0021E15C /* Tasker.xcdatamodeld */; };
		B1A913FC252056FC0021E15C /* Assets.xcassets in Resources */ = {isa = PBXBuildFile; fileRef = B1A913FB252056FC0021E15C /* Assets.xcassets */; };
		B1A913FF252056FC0021E15C /* LaunchScreen.storyboard in Resources */ = {isa = PBXBuildFile; fileRef = B1A913FD252056FC0021E15C /* LaunchScreen.storyboard */; };
		B1A9140825205DE20021E15C /* CoreDataService.swift in Sources */ = {isa = PBXBuildFile; fileRef = B1A9140725205DE20021E15C /* CoreDataService.swift */; };
		B1A914162520636E0021E15C /* TaskListDataSourceCoreDataImpl.swift in Sources */ = {isa = PBXBuildFile; fileRef = B1A914152520636E0021E15C /* TaskListDataSourceCoreDataImpl.swift */; };
		B1A91419252063C30021E15C /* TaskListDataSource.swift in Sources */ = {isa = PBXBuildFile; fileRef = B1A91418252063C30021E15C /* TaskListDataSource.swift */; };
		B1A9141B252063FA0021E15C /* TaskListDataSourceObserver.swift in Sources */ = {isa = PBXBuildFile; fileRef = B1A9141A252063FA0021E15C /* TaskListDataSourceObserver.swift */; };
		B1A9141D2520775E0021E15C /* TaskModel.swift in Sources */ = {isa = PBXBuildFile; fileRef = B1A9141C2520775E0021E15C /* TaskModel.swift */; };
		B1A9142425209CC60021E15C /* Task+CoreDataClass.swift in Sources */ = {isa = PBXBuildFile; fileRef = B1A9142225209CC60021E15C /* Task+CoreDataClass.swift */; };
		B1A9142525209CC60021E15C /* Task+CoreDataProperties.swift in Sources */ = {isa = PBXBuildFile; fileRef = B1A9142325209CC60021E15C /* Task+CoreDataProperties.swift */; };
		B1A914272520A9250021E15C /* TaskListViewModel.swift in Sources */ = {isa = PBXBuildFile; fileRef = B1A914262520A9250021E15C /* TaskListViewModel.swift */; };
		B1A914292520AB640021E15C /* TaskListView.swift in Sources */ = {isa = PBXBuildFile; fileRef = B1A914282520AB640021E15C /* TaskListView.swift */; };
		B1A9142B2520B2AD0021E15C /* TaskListViewController.swift in Sources */ = {isa = PBXBuildFile; fileRef = B1A9142A2520B2AD0021E15C /* TaskListViewController.swift */; };
		B1A9142D2520B6AC0021E15C /* TaskListViewModelAssembler.swift in Sources */ = {isa = PBXBuildFile; fileRef = B1A9142C2520B6AC0021E15C /* TaskListViewModelAssembler.swift */; };
		B1A9142F2520B6E10021E15C /* TaskListDataSourceAssembler.swift in Sources */ = {isa = PBXBuildFile; fileRef = B1A9142E2520B6E10021E15C /* TaskListDataSourceAssembler.swift */; };
/* End PBXBuildFile section */

/* Begin PBXFileReference section */
		B1603C512521C0480022BE49 /* DailyModel.swift */ = {isa = PBXFileReference; lastKnownFileType = sourcecode.swift; path = DailyModel.swift; sourceTree = "<group>"; };
		B1603C542521C5C20022BE49 /* TaskListTableViewCell.swift */ = {isa = PBXFileReference; lastKnownFileType = sourcecode.swift; path = TaskListTableViewCell.swift; sourceTree = "<group>"; };
		B1603C562521E1870022BE49 /* ContainerViewController.swift */ = {isa = PBXFileReference; lastKnownFileType = sourcecode.swift; path = ContainerViewController.swift; sourceTree = "<group>"; };
		B1603C592521EAB70022BE49 /* UIViewController.swift */ = {isa = PBXFileReference; lastKnownFileType = sourcecode.swift; path = UIViewController.swift; sourceTree = "<group>"; };
		B1603C5B2521FC200022BE49 /* DetailTaskViewController.swift */ = {isa = PBXFileReference; lastKnownFileType = sourcecode.swift; path = DetailTaskViewController.swift; sourceTree = "<group>"; };
		B1A913EC252056FA0021E15C /* Tasker.app */ = {isa = PBXFileReference; explicitFileType = wrapper.application; includeInIndex = 0; path = Tasker.app; sourceTree = BUILT_PRODUCTS_DIR; };
		B1A913EF252056FA0021E15C /* AppDelegate.swift */ = {isa = PBXFileReference; lastKnownFileType = sourcecode.swift; path = AppDelegate.swift; sourceTree = "<group>"; };
		B1A913F3252056FA0021E15C /* ViewController.swift */ = {isa = PBXFileReference; lastKnownFileType = sourcecode.swift; path = ViewController.swift; sourceTree = "<group>"; };
		B1A913F9252056FA0021E15C /* Tasker.xcdatamodel */ = {isa = PBXFileReference; lastKnownFileType = wrapper.xcdatamodel; path = Tasker.xcdatamodel; sourceTree = "<group>"; };
		B1A913FB252056FC0021E15C /* Assets.xcassets */ = {isa = PBXFileReference; lastKnownFileType = folder.assetcatalog; path = Assets.xcassets; sourceTree = "<group>"; };
		B1A913FE252056FC0021E15C /* Base */ = {isa = PBXFileReference; lastKnownFileType = file.storyboard; name = Base; path = Base.lproj/LaunchScreen.storyboard; sourceTree = "<group>"; };
		B1A91400252056FC0021E15C /* Info.plist */ = {isa = PBXFileReference; lastKnownFileType = text.plist.xml; path = Info.plist; sourceTree = "<group>"; };
		B1A9140725205DE20021E15C /* CoreDataService.swift */ = {isa = PBXFileReference; lastKnownFileType = sourcecode.swift; path = CoreDataService.swift; sourceTree = "<group>"; };
		B1A914152520636E0021E15C /* TaskListDataSourceCoreDataImpl.swift */ = {isa = PBXFileReference; lastKnownFileType = sourcecode.swift; path = TaskListDataSourceCoreDataImpl.swift; sourceTree = "<group>"; };
		B1A91418252063C30021E15C /* TaskListDataSource.swift */ = {isa = PBXFileReference; lastKnownFileType = sourcecode.swift; path = TaskListDataSource.swift; sourceTree = "<group>"; };
		B1A9141A252063FA0021E15C /* TaskListDataSourceObserver.swift */ = {isa = PBXFileReference; lastKnownFileType = sourcecode.swift; path = TaskListDataSourceObserver.swift; sourceTree = "<group>"; };
		B1A9141C2520775E0021E15C /* TaskModel.swift */ = {isa = PBXFileReference; lastKnownFileType = sourcecode.swift; path = TaskModel.swift; sourceTree = "<group>"; };
		B1A9142225209CC60021E15C /* Task+CoreDataClass.swift */ = {isa = PBXFileReference; lastKnownFileType = sourcecode.swift; path = "Task+CoreDataClass.swift"; sourceTree = "<group>"; };
		B1A9142325209CC60021E15C /* Task+CoreDataProperties.swift */ = {isa = PBXFileReference; lastKnownFileType = sourcecode.swift; path = "Task+CoreDataProperties.swift"; sourceTree = "<group>"; };
		B1A914262520A9250021E15C /* TaskListViewModel.swift */ = {isa = PBXFileReference; lastKnownFileType = sourcecode.swift; path = TaskListViewModel.swift; sourceTree = "<group>"; };
		B1A914282520AB640021E15C /* TaskListView.swift */ = {isa = PBXFileReference; lastKnownFileType = sourcecode.swift; path = TaskListView.swift; sourceTree = "<group>"; };
		B1A9142A2520B2AD0021E15C /* TaskListViewController.swift */ = {isa = PBXFileReference; lastKnownFileType = sourcecode.swift; path = TaskListViewController.swift; sourceTree = "<group>"; };
		B1A9142C2520B6AC0021E15C /* TaskListViewModelAssembler.swift */ = {isa = PBXFileReference; lastKnownFileType = sourcecode.swift; path = TaskListViewModelAssembler.swift; sourceTree = "<group>"; };
		B1A9142E2520B6E10021E15C /* TaskListDataSourceAssembler.swift */ = {isa = PBXFileReference; lastKnownFileType = sourcecode.swift; path = TaskListDataSourceAssembler.swift; sourceTree = "<group>"; };
/* End PBXFileReference section */

/* Begin PBXFrameworksBuildPhase section */
		B1A913E9252056FA0021E15C /* Frameworks */ = {
			isa = PBXFrameworksBuildPhase;
			buildActionMask = 2147483647;
			files = (
			);
			runOnlyForDeploymentPostprocessing = 0;
		};
/* End PBXFrameworksBuildPhase section */

/* Begin PBXGroup section */
		B1603C532521C5AF0022BE49 /* Cells */ = {
			isa = PBXGroup;
			children = (
				B1603C542521C5C20022BE49 /* TaskListTableViewCell.swift */,
			);
			path = Cells;
			sourceTree = "<group>";
		};
		B1603C582521EA740022BE49 /* Extensions */ = {
			isa = PBXGroup;
			children = (
				B1603C592521EAB70022BE49 /* UIViewController.swift */,
			);
			path = Extensions;
			sourceTree = "<group>";
		};
		B1A913E3252056FA0021E15C = {
			isa = PBXGroup;
			children = (
				B1A913EE252056FA0021E15C /* Tasker */,
				B1A913ED252056FA0021E15C /* Products */,
			);
			sourceTree = "<group>";
		};
		B1A913ED252056FA0021E15C /* Products */ = {
			isa = PBXGroup;
			children = (
				B1A913EC252056FA0021E15C /* Tasker.app */,
			);
			name = Products;
			sourceTree = "<group>";
		};
		B1A913EE252056FA0021E15C /* Tasker */ = {
			isa = PBXGroup;
			children = (
				B1603C582521EA740022BE49 /* Extensions */,
				B1A914132520631C0021E15C /* Controllers */,
				B1A9140E252062270021E15C /* TaskList */,
				B1A9140D252062070021E15C /* Model */,
				B1A9140625205DD30021E15C /* Services */,
				B1A913EF252056FA0021E15C /* AppDelegate.swift */,
				B1A913F3252056FA0021E15C /* ViewController.swift */,
				B1A913FB252056FC0021E15C /* Assets.xcassets */,
				B1A913FD252056FC0021E15C /* LaunchScreen.storyboard */,
				B1A91400252056FC0021E15C /* Info.plist */,
				B1A913F8252056FA0021E15C /* Tasker.xcdatamodeld */,
			);
			path = Tasker;
			sourceTree = "<group>";
		};
		B1A9140625205DD30021E15C /* Services */ = {
			isa = PBXGroup;
			children = (
				B1A9140725205DE20021E15C /* CoreDataService.swift */,
			);
			path = Services;
			sourceTree = "<group>";
		};
		B1A9140D252062070021E15C /* Model */ = {
			isa = PBXGroup;
			children = (
				B1A9142225209CC60021E15C /* Task+CoreDataClass.swift */,
				B1A9142325209CC60021E15C /* Task+CoreDataProperties.swift */,
				B1A9141C2520775E0021E15C /* TaskModel.swift */,
				B1603C512521C0480022BE49 /* DailyModel.swift */,
			);
			path = Model;
			sourceTree = "<group>";
		};
		B1A9140E252062270021E15C /* TaskList */ = {
			isa = PBXGroup;
			children = (
				B1A91412252062DF0021E15C /* Assemblers */,
				B1A914112520625B0021E15C /* Services */,
				B1A914102520624F0021E15C /* ViewModel */,
				B1A9140F252062360021E15C /* View */,
			);
			path = TaskList;
			sourceTree = "<group>";
		};
		B1A9140F252062360021E15C /* View */ = {
			isa = PBXGroup;
			children = (
				B1603C532521C5AF0022BE49 /* Cells */,
				B1A914282520AB640021E15C /* TaskListView.swift */,
				B1A9142A2520B2AD0021E15C /* TaskListViewController.swift */,
			);
			path = View;
			sourceTree = "<group>";
		};
		B1A914102520624F0021E15C /* ViewModel */ = {
			isa = PBXGroup;
			children = (
				B1A914262520A9250021E15C /* TaskListViewModel.swift */,
			);
			path = ViewModel;
			sourceTree = "<group>";
		};
		B1A914112520625B0021E15C /* Services */ = {
			isa = PBXGroup;
			children = (
				B1A91417252063A80021E15C /* Protocols */,
				B1A914142520633D0021E15C /* Implementations */,
			);
			path = Services;
			sourceTree = "<group>";
		};
		B1A91412252062DF0021E15C /* Assemblers */ = {
			isa = PBXGroup;
			children = (
				B1A9142C2520B6AC0021E15C /* TaskListViewModelAssembler.swift */,
				B1A9142E2520B6E10021E15C /* TaskListDataSourceAssembler.swift */,
			);
			path = Assemblers;
			sourceTree = "<group>";
		};
		B1A914132520631C0021E15C /* Controllers */ = {
			isa = PBXGroup;
			children = (
				B1603C562521E1870022BE49 /* ContainerViewController.swift */,
				B1603C5B2521FC200022BE49 /* DetailTaskViewController.swift */,
			);
			path = Controllers;
			sourceTree = "<group>";
		};
		B1A914142520633D0021E15C /* Implementations */ = {
			isa = PBXGroup;
			children = (
				B1A914152520636E0021E15C /* TaskListDataSourceCoreDataImpl.swift */,
			);
			path = Implementations;
			sourceTree = "<group>";
		};
		B1A91417252063A80021E15C /* Protocols */ = {
			isa = PBXGroup;
			children = (
				B1A91418252063C30021E15C /* TaskListDataSource.swift */,
				B1A9141A252063FA0021E15C /* TaskListDataSourceObserver.swift */,
			);
			path = Protocols;
			sourceTree = "<group>";
		};
/* End PBXGroup section */

/* Begin PBXNativeTarget section */
		B1A913EB252056FA0021E15C /* Tasker */ = {
			isa = PBXNativeTarget;
			buildConfigurationList = B1A91403252056FC0021E15C /* Build configuration list for PBXNativeTarget "Tasker" */;
			buildPhases = (
				B1A913E8252056FA0021E15C /* Sources */,
				B1A913E9252056FA0021E15C /* Frameworks */,
				B1A913EA252056FA0021E15C /* Resources */,
			);
			buildRules = (
			);
			dependencies = (
			);
			name = Tasker;
			productName = Tasker;
			productReference = B1A913EC252056FA0021E15C /* Tasker.app */;
			productType = "com.apple.product-type.application";
		};
/* End PBXNativeTarget section */

/* Begin PBXProject section */
		B1A913E4252056FA0021E15C /* Project object */ = {
			isa = PBXProject;
			attributes = {
				LastSwiftUpdateCheck = 1130;
				LastUpgradeCheck = 1130;
				ORGANIZATIONNAME = itotdel;
				TargetAttributes = {
					B1A913EB252056FA0021E15C = {
						CreatedOnToolsVersion = 11.3.1;
					};
				};
			};
			buildConfigurationList = B1A913E7252056FA0021E15C /* Build configuration list for PBXProject "Tasker" */;
			compatibilityVersion = "Xcode 9.3";
			developmentRegion = en;
			hasScannedForEncodings = 0;
			knownRegions = (
				en,
				Base,
			);
			mainGroup = B1A913E3252056FA0021E15C;
			productRefGroup = B1A913ED252056FA0021E15C /* Products */;
			projectDirPath = "";
			projectRoot = "";
			targets = (
				B1A913EB252056FA0021E15C /* Tasker */,
			);
		};
/* End PBXProject section */

/* Begin PBXResourcesBuildPhase section */
		B1A913EA252056FA0021E15C /* Resources */ = {
			isa = PBXResourcesBuildPhase;
			buildActionMask = 2147483647;
			files = (
				B1A913FF252056FC0021E15C /* LaunchScreen.storyboard in Resources */,
				B1A913FC252056FC0021E15C /* Assets.xcassets in Resources */,
			);
			runOnlyForDeploymentPostprocessing = 0;
		};
/* End PBXResourcesBuildPhase section */

/* Begin PBXSourcesBuildPhase section */
		B1A913E8252056FA0021E15C /* Sources */ = {
			isa = PBXSourcesBuildPhase;
			buildActionMask = 2147483647;
			files = (
				B1A914162520636E0021E15C /* TaskListDataSourceCoreDataImpl.swift in Sources */,
				B1A9142B2520B2AD0021E15C /* TaskListViewController.swift in Sources */,
				B1A9142F2520B6E10021E15C /* TaskListDataSourceAssembler.swift in Sources */,
				B1603C5A2521EAB70022BE49 /* UIViewController.swift in Sources */,
				B1A914272520A9250021E15C /* TaskListViewModel.swift in Sources */,
				B1A9140825205DE20021E15C /* CoreDataService.swift in Sources */,
				B1A9141D2520775E0021E15C /* TaskModel.swift in Sources */,
				B1A913F4252056FA0021E15C /* ViewController.swift in Sources */,
				B1603C552521C5C20022BE49 /* TaskListTableViewCell.swift in Sources */,
				B1A9141B252063FA0021E15C /* TaskListDataSourceObserver.swift in Sources */,
				B1A913FA252056FA0021E15C /* Tasker.xcdatamodeld in Sources */,
				B1A9142D2520B6AC0021E15C /* TaskListViewModelAssembler.swift in Sources */,
				B1A91419252063C30021E15C /* TaskListDataSource.swift in Sources */,
				B1A9142425209CC60021E15C /* Task+CoreDataClass.swift in Sources */,
				B1603C5C2521FC200022BE49 /* DetailTaskViewController.swift in Sources */,
				B1A9142525209CC60021E15C /* Task+CoreDataProperties.swift in Sources */,
				B1A913F0252056FA0021E15C /* AppDelegate.swift in Sources */,
				B1A914292520AB640021E15C /* TaskListView.swift in Sources */,
				B1603C572521E1870022BE49 /* ContainerViewController.swift in Sources */,
				B1603C522521C0480022BE49 /* DailyModel.swift in Sources */,
			);
			runOnlyForDeploymentPostprocessing = 0;
		};
/* End PBXSourcesBuildPhase section */

/* Begin PBXVariantGroup section */
		B1A913FD252056FC0021E15C /* LaunchScreen.storyboard */ = {
			isa = PBXVariantGroup;
			children = (
				B1A913FE252056FC0021E15C /* Base */,
			);
			name = LaunchScreen.storyboard;
			sourceTree = "<group>";
		};
/* End PBXVariantGroup section */

/* Begin XCBuildConfiguration section */
		B1A91401252056FC0021E15C /* Debug */ = {
			isa = XCBuildConfiguration;
			buildSettings = {
				ALWAYS_SEARCH_USER_PATHS = NO;
				CLANG_ANALYZER_NONNULL = YES;
				CLANG_ANALYZER_NUMBER_OBJECT_CONVERSION = YES_AGGRESSIVE;
				CLANG_CXX_LANGUAGE_STANDARD = "gnu++14";
				CLANG_CXX_LIBRARY = "libc++";
				CLANG_ENABLE_MODULES = YES;
				CLANG_ENABLE_OBJC_ARC = YES;
				CLANG_ENABLE_OBJC_WEAK = YES;
				CLANG_WARN_BLOCK_CAPTURE_AUTORELEASING = YES;
				CLANG_WARN_BOOL_CONVERSION = YES;
				CLANG_WARN_COMMA = YES;
				CLANG_WARN_CONSTANT_CONVERSION = YES;
				CLANG_WARN_DEPRECATED_OBJC_IMPLEMENTATIONS = YES;
				CLANG_WARN_DIRECT_OBJC_ISA_USAGE = YES_ERROR;
				CLANG_WARN_DOCUMENTATION_COMMENTS = YES;
				CLANG_WARN_EMPTY_BODY = YES;
				CLANG_WARN_ENUM_CONVERSION = YES;
				CLANG_WARN_INFINITE_RECURSION = YES;
				CLANG_WARN_INT_CONVERSION = YES;
				CLANG_WARN_NON_LITERAL_NULL_CONVERSION = YES;
				CLANG_WARN_OBJC_IMPLICIT_RETAIN_SELF = YES;
				CLANG_WARN_OBJC_LITERAL_CONVERSION = YES;
				CLANG_WARN_OBJC_ROOT_CLASS = YES_ERROR;
				CLANG_WARN_RANGE_LOOP_ANALYSIS = YES;
				CLANG_WARN_STRICT_PROTOTYPES = YES;
				CLANG_WARN_SUSPICIOUS_MOVE = YES;
				CLANG_WARN_UNGUARDED_AVAILABILITY = YES_AGGRESSIVE;
				CLANG_WARN_UNREACHABLE_CODE = YES;
				CLANG_WARN__DUPLICATE_METHOD_MATCH = YES;
				COPY_PHASE_STRIP = NO;
				DEBUG_INFORMATION_FORMAT = dwarf;
				ENABLE_STRICT_OBJC_MSGSEND = YES;
				ENABLE_TESTABILITY = YES;
				GCC_C_LANGUAGE_STANDARD = gnu11;
				GCC_DYNAMIC_NO_PIC = NO;
				GCC_NO_COMMON_BLOCKS = YES;
				GCC_OPTIMIZATION_LEVEL = 0;
				GCC_PREPROCESSOR_DEFINITIONS = (
					"DEBUG=1",
					"$(inherited)",
				);
				GCC_WARN_64_TO_32_BIT_CONVERSION = YES;
				GCC_WARN_ABOUT_RETURN_TYPE = YES_ERROR;
				GCC_WARN_UNDECLARED_SELECTOR = YES;
				GCC_WARN_UNINITIALIZED_AUTOS = YES_AGGRESSIVE;
				GCC_WARN_UNUSED_FUNCTION = YES;
				GCC_WARN_UNUSED_VARIABLE = YES;
				IPHONEOS_DEPLOYMENT_TARGET = 13.2;
				MTL_ENABLE_DEBUG_INFO = INCLUDE_SOURCE;
				MTL_FAST_MATH = YES;
				ONLY_ACTIVE_ARCH = YES;
				SDKROOT = iphoneos;
				SWIFT_ACTIVE_COMPILATION_CONDITIONS = DEBUG;
				SWIFT_OPTIMIZATION_LEVEL = "-Onone";
			};
			name = Debug;
		};
		B1A91402252056FC0021E15C /* Release */ = {
			isa = XCBuildConfiguration;
			buildSettings = {
				ALWAYS_SEARCH_USER_PATHS = NO;
				CLANG_ANALYZER_NONNULL = YES;
				CLANG_ANALYZER_NUMBER_OBJECT_CONVERSION = YES_AGGRESSIVE;
				CLANG_CXX_LANGUAGE_STANDARD = "gnu++14";
				CLANG_CXX_LIBRARY = "libc++";
				CLANG_ENABLE_MODULES = YES;
				CLANG_ENABLE_OBJC_ARC = YES;
				CLANG_ENABLE_OBJC_WEAK = YES;
				CLANG_WARN_BLOCK_CAPTURE_AUTORELEASING = YES;
				CLANG_WARN_BOOL_CONVERSION = YES;
				CLANG_WARN_COMMA = YES;
				CLANG_WARN_CONSTANT_CONVERSION = YES;
				CLANG_WARN_DEPRECATED_OBJC_IMPLEMENTATIONS = YES;
				CLANG_WARN_DIRECT_OBJC_ISA_USAGE = YES_ERROR;
				CLANG_WARN_DOCUMENTATION_COMMENTS = YES;
				CLANG_WARN_EMPTY_BODY = YES;
				CLANG_WARN_ENUM_CONVERSION = YES;
				CLANG_WARN_INFINITE_RECURSION = YES;
				CLANG_WARN_INT_CONVERSION = YES;
				CLANG_WARN_NON_LITERAL_NULL_CONVERSION = YES;
				CLANG_WARN_OBJC_IMPLICIT_RETAIN_SELF = YES;
				CLANG_WARN_OBJC_LITERAL_CONVERSION = YES;
				CLANG_WARN_OBJC_ROOT_CLASS = YES_ERROR;
				CLANG_WARN_RANGE_LOOP_ANALYSIS = YES;
				CLANG_WARN_STRICT_PROTOTYPES = YES;
				CLANG_WARN_SUSPICIOUS_MOVE = YES;
				CLANG_WARN_UNGUARDED_AVAILABILITY = YES_AGGRESSIVE;
				CLANG_WARN_UNREACHABLE_CODE = YES;
				CLANG_WARN__DUPLICATE_METHOD_MATCH = YES;
				COPY_PHASE_STRIP = NO;
				DEBUG_INFORMATION_FORMAT = "dwarf-with-dsym";
				ENABLE_NS_ASSERTIONS = NO;
				ENABLE_STRICT_OBJC_MSGSEND = YES;
				GCC_C_LANGUAGE_STANDARD = gnu11;
				GCC_NO_COMMON_BLOCKS = YES;
				GCC_WARN_64_TO_32_BIT_CONVERSION = YES;
				GCC_WARN_ABOUT_RETURN_TYPE = YES_ERROR;
				GCC_WARN_UNDECLARED_SELECTOR = YES;
				GCC_WARN_UNINITIALIZED_AUTOS = YES_AGGRESSIVE;
				GCC_WARN_UNUSED_FUNCTION = YES;
				GCC_WARN_UNUSED_VARIABLE = YES;
				IPHONEOS_DEPLOYMENT_TARGET = 13.2;
				MTL_ENABLE_DEBUG_INFO = NO;
				MTL_FAST_MATH = YES;
				SDKROOT = iphoneos;
				SWIFT_COMPILATION_MODE = wholemodule;
				SWIFT_OPTIMIZATION_LEVEL = "-O";
				VALIDATE_PRODUCT = YES;
			};
			name = Release;
		};
		B1A91404252056FC0021E15C /* Debug */ = {
			isa = XCBuildConfiguration;
			buildSettings = {
				ASSETCATALOG_COMPILER_APPICON_NAME = AppIcon;
				CODE_SIGN_STYLE = Automatic;
				INFOPLIST_FILE = Tasker/Info.plist;
				IPHONEOS_DEPLOYMENT_TARGET = 13.1;
				LD_RUNPATH_SEARCH_PATHS = (
					"$(inherited)",
					"@executable_path/Frameworks",
				);
				PRODUCT_BUNDLE_IDENTIFIER = tasker.Tasker;
				PRODUCT_NAME = "$(TARGET_NAME)";
				SWIFT_VERSION = 5.0;
				TARGETED_DEVICE_FAMILY = 1;
			};
			name = Debug;
		};
		B1A91405252056FC0021E15C /* Release */ = {
			isa = XCBuildConfiguration;
			buildSettings = {
				ASSETCATALOG_COMPILER_APPICON_NAME = AppIcon;
				CODE_SIGN_STYLE = Automatic;
				INFOPLIST_FILE = Tasker/Info.plist;
				IPHONEOS_DEPLOYMENT_TARGET = 13.1;
				LD_RUNPATH_SEARCH_PATHS = (
					"$(inherited)",
					"@executable_path/Frameworks",
				);
				PRODUCT_BUNDLE_IDENTIFIER = tasker.Tasker;
				PRODUCT_NAME = "$(TARGET_NAME)";
				SWIFT_VERSION = 5.0;
				TARGETED_DEVICE_FAMILY = 1;
			};
			name = Release;
		};
/* End XCBuildConfiguration section */

/* Begin XCConfigurationList section */
		B1A913E7252056FA0021E15C /* Build configuration list for PBXProject "Tasker" */ = {
			isa = XCConfigurationList;
			buildConfigurations = (
				B1A91401252056FC0021E15C /* Debug */,
				B1A91402252056FC0021E15C /* Release */,
			);
			defaultConfigurationIsVisible = 0;
			defaultConfigurationName = Release;
		};
		B1A91403252056FC0021E15C /* Build configuration list for PBXNativeTarget "Tasker" */ = {
			isa = XCConfigurationList;
			buildConfigurations = (
				B1A91404252056FC0021E15C /* Debug */,
				B1A91405252056FC0021E15C /* Release */,
			);
			defaultConfigurationIsVisible = 0;
			defaultConfigurationName = Release;
		};
/* End XCConfigurationList section */

/* Begin XCVersionGroup section */
		B1A913F8252056FA0021E15C /* Tasker.xcdatamodeld */ = {
			isa = XCVersionGroup;
			children = (
				B1A913F9252056FA0021E15C /* Tasker.xcdatamodel */,
			);
			currentVersion = B1A913F9252056FA0021E15C /* Tasker.xcdatamodel */;
			path = Tasker.xcdatamodeld;
			sourceTree = "<group>";
			versionGroupType = wrapper.xcdatamodel;
		};
/* End XCVersionGroup section */
	};
	rootObject = B1A913E4252056FA0021E15C /* Project object */;
}
