// !$*UTF8*$!
{
	archiveVersion = 1;
	classes = {
	};
	objectVersion = 50;
	objects = {

/* Begin PBXBuildFile section */
		B10DF889252C629C000FF924 /* Calendar.swift in Sources */ = {isa = PBXBuildFile; fileRef = B10DF888252C629C000FF924 /* Calendar.swift */; };
		B114840025309EA100216541 /* Color.swift in Sources */ = {isa = PBXBuildFile; fileRef = B11483FF25309EA100216541 /* Color.swift */; };
		B117AECB253217880046AAE9 /* String.swift in Sources */ = {isa = PBXBuildFile; fileRef = B117AECA253217880046AAE9 /* String.swift */; };
		B1228E1325289DDB00567062 /* UIImage.swift in Sources */ = {isa = PBXBuildFile; fileRef = B1228E1225289DDB00567062 /* UIImage.swift */; };
		B1294493253469D4002FD1EF /* CalendarButton.swift in Sources */ = {isa = PBXBuildFile; fileRef = B1294492253469D4002FD1EF /* CalendarButton.swift */; };
		B12944952534A807002FD1EF /* AlarmButton.swift in Sources */ = {isa = PBXBuildFile; fileRef = B12944942534A807002FD1EF /* AlarmButton.swift */; };
		B12944972534C7E1002FD1EF /* Angle.swift in Sources */ = {isa = PBXBuildFile; fileRef = B12944962534C7E1002FD1EF /* Angle.swift */; };
		B12F7E5C2529F83600B71AAC /* PushNotificationService.swift in Sources */ = {isa = PBXBuildFile; fileRef = B12F7E5B2529F83600B71AAC /* PushNotificationService.swift */; };
		B13875DC25710057002DA626 /* TopMenuTableViewCell.swift in Sources */ = {isa = PBXBuildFile; fileRef = B13875DB25710057002DA626 /* TopMenuTableViewCell.swift */; };
		B13875DE25710985002DA626 /* MainMenuTableViewCell.swift in Sources */ = {isa = PBXBuildFile; fileRef = B13875DD25710985002DA626 /* MainMenuTableViewCell.swift */; };
		B13875E0257121E7002DA626 /* NSObject.swift in Sources */ = {isa = PBXBuildFile; fileRef = B13875DF257121E7002DA626 /* NSObject.swift */; };
		B13875E225714E88002DA626 /* MenuModel.swift in Sources */ = {isa = PBXBuildFile; fileRef = B13875E125714E88002DA626 /* MenuModel.swift */; };
		B13875E425715003002DA626 /* MenuViewModel.swift in Sources */ = {isa = PBXBuildFile; fileRef = B13875E325715003002DA626 /* MenuViewModel.swift */; };
		B13875E725715026002DA626 /* MenuViewModelType.swift in Sources */ = {isa = PBXBuildFile; fileRef = B13875E625715026002DA626 /* MenuViewModelType.swift */; };
		B13875E925715032002DA626 /* MenuViewModelInputs.swift in Sources */ = {isa = PBXBuildFile; fileRef = B13875E825715032002DA626 /* MenuViewModelInputs.swift */; };
		B13875EB2571503D002DA626 /* MenuViewModelOutputs.swift in Sources */ = {isa = PBXBuildFile; fileRef = B13875EA2571503D002DA626 /* MenuViewModelOutputs.swift */; };
		B13875ED257159CF002DA626 /* CreateShortcutMenuTableViewCell.swift in Sources */ = {isa = PBXBuildFile; fileRef = B13875EC257159CF002DA626 /* CreateShortcutMenuTableViewCell.swift */; };
		B13875EF25715DD2002DA626 /* ShortcutMenuTableViewCell.swift in Sources */ = {isa = PBXBuildFile; fileRef = B13875EE25715DD2002DA626 /* ShortcutMenuTableViewCell.swift */; };
		B15C9B672569156A00A809B1 /* CalendarPickerViewModelOutputs.swift in Sources */ = {isa = PBXBuildFile; fileRef = B15C9B662569156A00A809B1 /* CalendarPickerViewModelOutputs.swift */; };
		B15C9B7425695B6600A809B1 /* DetailTaskViewModelType.swift in Sources */ = {isa = PBXBuildFile; fileRef = B15C9B7325695B6600A809B1 /* DetailTaskViewModelType.swift */; };
		B15C9B7625695B7E00A809B1 /* DetailTaskViewModelInputs.swift in Sources */ = {isa = PBXBuildFile; fileRef = B15C9B7525695B7E00A809B1 /* DetailTaskViewModelInputs.swift */; };
		B15C9B7825695B9E00A809B1 /* DetailTaskViewModelOutputs.swift in Sources */ = {isa = PBXBuildFile; fileRef = B15C9B7725695B9E00A809B1 /* DetailTaskViewModelOutputs.swift */; };
		B15C9B7A25695BB800A809B1 /* DetailTaskViewModel.swift in Sources */ = {isa = PBXBuildFile; fileRef = B15C9B7925695BB800A809B1 /* DetailTaskViewModel.swift */; };
		B1603C522521C0480022BE49 /* DailyModel.swift in Sources */ = {isa = PBXBuildFile; fileRef = B1603C512521C0480022BE49 /* DailyModel.swift */; };
		B1603C552521C5C20022BE49 /* TaskListTableViewCell.swift in Sources */ = {isa = PBXBuildFile; fileRef = B1603C542521C5C20022BE49 /* TaskListTableViewCell.swift */; };
		B1603C5A2521EAB70022BE49 /* UIViewController.swift in Sources */ = {isa = PBXBuildFile; fileRef = B1603C592521EAB70022BE49 /* UIViewController.swift */; };
		B1603C5C2521FC200022BE49 /* DetailTaskViewController.swift in Sources */ = {isa = PBXBuildFile; fileRef = B1603C5B2521FC200022BE49 /* DetailTaskViewController.swift */; };
		B1664045254464C8007D1AFD /* UIBarButtonItem.swift in Sources */ = {isa = PBXBuildFile; fileRef = B1664044254464C8007D1AFD /* UIBarButtonItem.swift */; };
		B1804BB8255A8CED007FECCF /* StyleGuide.swift in Sources */ = {isa = PBXBuildFile; fileRef = B1804BB7255A8CED007FECCF /* StyleGuide.swift */; };
		B18349E3256AEA9800D0D096 /* Coordinator.swift in Sources */ = {isa = PBXBuildFile; fileRef = B18349E2256AEA9800D0D096 /* Coordinator.swift */; };
		B18349E7256AEACB00D0D096 /* PresenterController.swift in Sources */ = {isa = PBXBuildFile; fileRef = B18349E6256AEACB00D0D096 /* PresenterController.swift */; };
		B18349E9256AEAF300D0D096 /* PresentableController.swift in Sources */ = {isa = PBXBuildFile; fileRef = B18349E8256AEAF300D0D096 /* PresentableController.swift */; };
		B18349EB256AEB4E00D0D096 /* ContainerPresenterController.swift in Sources */ = {isa = PBXBuildFile; fileRef = B18349EA256AEB4E00D0D096 /* ContainerPresenterController.swift */; };
		B18349ED256AEB7500D0D096 /* MainCoordinator.swift in Sources */ = {isa = PBXBuildFile; fileRef = B18349EC256AEB7500D0D096 /* MainCoordinator.swift */; };
		B18349F1256AEC7000D0D096 /* TaskListAssembly.swift in Sources */ = {isa = PBXBuildFile; fileRef = B18349F0256AEC7000D0D096 /* TaskListAssembly.swift */; };
		B18349F4256AF49400D0D096 /* DetailTaskAssembly.swift in Sources */ = {isa = PBXBuildFile; fileRef = B18349F3256AF49400D0D096 /* DetailTaskAssembly.swift */; };
		B189A99125247E1D00EAC6A0 /* TimePickerViewController.swift in Sources */ = {isa = PBXBuildFile; fileRef = B189A98D25247E1C00EAC6A0 /* TimePickerViewController.swift */; };
		B189A9942524803E00EAC6A0 /* TimePickerViewOutputs.swift in Sources */ = {isa = PBXBuildFile; fileRef = B189A9932524803E00EAC6A0 /* TimePickerViewOutputs.swift */; };
		B189A99725249ACA00EAC6A0 /* testView.xib in Resources */ = {isa = PBXBuildFile; fileRef = B189A99625249ACA00EAC6A0 /* testView.xib */; };
		B189A9992524D68D00EAC6A0 /* Date.swift in Sources */ = {isa = PBXBuildFile; fileRef = B189A9982524D68D00EAC6A0 /* Date.swift */; };
		B18C570D252E168B009D4D03 /* TaskAddButton.swift in Sources */ = {isa = PBXBuildFile; fileRef = B18C570C252E168B009D4D03 /* TaskAddButton.swift */; };
		B18C91BE2532FA8D004DFB73 /* UIDevice.swift in Sources */ = {isa = PBXBuildFile; fileRef = B18C91BD2532FA8D004DFB73 /* UIDevice.swift */; };
		B18C91C225334D74004DFB73 /* ImportanceButton.swift in Sources */ = {isa = PBXBuildFile; fileRef = B18C91C125334D74004DFB73 /* ImportanceButton.swift */; };
		B1A913F0252056FA0021E15C /* AppDelegate.swift in Sources */ = {isa = PBXBuildFile; fileRef = B1A913EF252056FA0021E15C /* AppDelegate.swift */; };
		B1A913FA252056FA0021E15C /* Tasker.xcdatamodeld in Sources */ = {isa = PBXBuildFile; fileRef = B1A913F8252056FA0021E15C /* Tasker.xcdatamodeld */; };
		B1A913FC252056FC0021E15C /* Assets.xcassets in Resources */ = {isa = PBXBuildFile; fileRef = B1A913FB252056FC0021E15C /* Assets.xcassets */; };
		B1A913FF252056FC0021E15C /* LaunchScreen.storyboard in Resources */ = {isa = PBXBuildFile; fileRef = B1A913FD252056FC0021E15C /* LaunchScreen.storyboard */; };
		B1A9140825205DE20021E15C /* CoreDataService.swift in Sources */ = {isa = PBXBuildFile; fileRef = B1A9140725205DE20021E15C /* CoreDataService.swift */; };
		B1A914162520636E0021E15C /* TaskListDataSourceCoreDataImpl.swift in Sources */ = {isa = PBXBuildFile; fileRef = B1A914152520636E0021E15C /* TaskListDataSourceCoreDataImpl.swift */; };
		B1A91419252063C30021E15C /* TaskListDataSource.swift in Sources */ = {isa = PBXBuildFile; fileRef = B1A91418252063C30021E15C /* TaskListDataSource.swift */; };
		B1A9141B252063FA0021E15C /* TaskListDataSourceObserver.swift in Sources */ = {isa = PBXBuildFile; fileRef = B1A9141A252063FA0021E15C /* TaskListDataSourceObserver.swift */; };
		B1A9141D2520775E0021E15C /* TaskModel.swift in Sources */ = {isa = PBXBuildFile; fileRef = B1A9141C2520775E0021E15C /* TaskModel.swift */; };
		B1A9142425209CC60021E15C /* Task+CoreDataClass.swift in Sources */ = {isa = PBXBuildFile; fileRef = B1A9142225209CC60021E15C /* Task+CoreDataClass.swift */; };
		B1A9142525209CC60021E15C /* Task+CoreDataProperties.swift in Sources */ = {isa = PBXBuildFile; fileRef = B1A9142325209CC60021E15C /* Task+CoreDataProperties.swift */; };
		B1A914272520A9250021E15C /* TaskListViewModel.swift in Sources */ = {isa = PBXBuildFile; fileRef = B1A914262520A9250021E15C /* TaskListViewModel.swift */; };
		B1A914292520AB640021E15C /* TaskListView.swift in Sources */ = {isa = PBXBuildFile; fileRef = B1A914282520AB640021E15C /* TaskListView.swift */; };
		B1A9142B2520B2AD0021E15C /* TaskListViewController.swift in Sources */ = {isa = PBXBuildFile; fileRef = B1A9142A2520B2AD0021E15C /* TaskListViewController.swift */; };
		B1C39D64256BC72E0005C4B6 /* DetailTaskCoordinator.swift in Sources */ = {isa = PBXBuildFile; fileRef = B1C39D63256BC72E0005C4B6 /* DetailTaskCoordinator.swift */; };
		B1C39D67256BCB340005C4B6 /* CalendarPickerAssembly.swift in Sources */ = {isa = PBXBuildFile; fileRef = B1C39D66256BCB340005C4B6 /* CalendarPickerAssembly.swift */; };
		B1C39D6A256BD5390005C4B6 /* TimePickerAssembly.swift in Sources */ = {isa = PBXBuildFile; fileRef = B1C39D69256BD5390005C4B6 /* TimePickerAssembly.swift */; };
		B1C39D6D256BE40E0005C4B6 /* MenuViewController.swift in Sources */ = {isa = PBXBuildFile; fileRef = B1C39D6C256BE40E0005C4B6 /* MenuViewController.swift */; };
		B1C5F80D2566551E0040EB3C /* CalendarPickerViewModelInputs.swift in Sources */ = {isa = PBXBuildFile; fileRef = B1C5F80C2566551E0040EB3C /* CalendarPickerViewModelInputs.swift */; };
		B1D4CCE5256D26090085C25C /* SettingsViewController.swift in Sources */ = {isa = PBXBuildFile; fileRef = B1D4CCE4256D26090085C25C /* SettingsViewController.swift */; };
		B1D4CCE7256D26700085C25C /* SettingsAssembly.swift in Sources */ = {isa = PBXBuildFile; fileRef = B1D4CCE6256D26700085C25C /* SettingsAssembly.swift */; };
		B1D4CCE9256D36EA0085C25C /* UIButton.swift in Sources */ = {isa = PBXBuildFile; fileRef = B1D4CCE8256D36EA0085C25C /* UIButton.swift */; };
		B1D5C4BA252AFE8100C4B988 /* NotifyByDateModel.swift in Sources */ = {isa = PBXBuildFile; fileRef = B1D5C4B9252AFE8100C4B988 /* NotifyByDateModel.swift */; };
		B1D5C4BE252B540000C4B988 /* NotificationTaskObserver.swift in Sources */ = {isa = PBXBuildFile; fileRef = B1D5C4BD252B540000C4B988 /* NotificationTaskObserver.swift */; };
		B1D5C4C0252B674800C4B988 /* UITableViewCell.swift in Sources */ = {isa = PBXBuildFile; fileRef = B1D5C4BF252B674800C4B988 /* UITableViewCell.swift */; };
		B1D5DEA9252365B300124DAD /* Label.swift in Sources */ = {isa = PBXBuildFile; fileRef = B1D5DEA8252365B300124DAD /* Label.swift */; };
		B1D5DEAC2523667500124DAD /* Font.swift in Sources */ = {isa = PBXBuildFile; fileRef = B1D5DEAB2523667500124DAD /* Font.swift */; };
		B1D5DEAE2523690F00124DAD /* Button.swift in Sources */ = {isa = PBXBuildFile; fileRef = B1D5DEAD2523690F00124DAD /* Button.swift */; };
		B1D5DEC52523884700124DAD /* CalendarPickerViewController.swift in Sources */ = {isa = PBXBuildFile; fileRef = B1D5DEB92523884700124DAD /* CalendarPickerViewController.swift */; };
		B1D5DEC62523884700124DAD /* MonthModel.swift in Sources */ = {isa = PBXBuildFile; fileRef = B1D5DEBB2523884700124DAD /* MonthModel.swift */; };
		B1D5DEC72523884700124DAD /* DayModel.swift in Sources */ = {isa = PBXBuildFile; fileRef = B1D5DEBC2523884700124DAD /* DayModel.swift */; };
		B1D5DEC82523884700124DAD /* CalendarPickerFooterView.xib in Resources */ = {isa = PBXBuildFile; fileRef = B1D5DEBE2523884700124DAD /* CalendarPickerFooterView.xib */; };
		B1D5DEC92523884700124DAD /* CalendarPickerViewCell.xib in Resources */ = {isa = PBXBuildFile; fileRef = B1D5DEBF2523884700124DAD /* CalendarPickerViewCell.xib */; };
		B1D5DECA2523884700124DAD /* CalendarPickerHeaderView.xib in Resources */ = {isa = PBXBuildFile; fileRef = B1D5DEC02523884700124DAD /* CalendarPickerHeaderView.xib */; };
		B1D5DECB2523884700124DAD /* CalendarPickerFooterView.swift in Sources */ = {isa = PBXBuildFile; fileRef = B1D5DEC22523884700124DAD /* CalendarPickerFooterView.swift */; };
		B1D5DECC2523884700124DAD /* CalendarPickerViewCell.swift in Sources */ = {isa = PBXBuildFile; fileRef = B1D5DEC32523884700124DAD /* CalendarPickerViewCell.swift */; };
		B1D5DECD2523884700124DAD /* CalendarPickerHeaderView.swift in Sources */ = {isa = PBXBuildFile; fileRef = B1D5DEC42523884700124DAD /* CalendarPickerHeaderView.swift */; };
		B1D5DECF252388ED00124DAD /* UIView.swift in Sources */ = {isa = PBXBuildFile; fileRef = B1D5DECE252388ED00124DAD /* UIView.swift */; };
		B1D5DED22523993000124DAD /* CalendarPickerViewOutputs.swift in Sources */ = {isa = PBXBuildFile; fileRef = B1D5DED12523993000124DAD /* CalendarPickerViewOutputs.swift */; };
		B1E0653025651A8300948AB5 /* CalendarPickerViewModelType.swift in Sources */ = {isa = PBXBuildFile; fileRef = B1E0652F25651A8300948AB5 /* CalendarPickerViewModelType.swift */; };
		B1E0653225651EC100948AB5 /* CalendarPickerViewModel.swift in Sources */ = {isa = PBXBuildFile; fileRef = B1E0653125651EC100948AB5 /* CalendarPickerViewModel.swift */; };
		B1E06534256524EF00948AB5 /* Boxing.swift in Sources */ = {isa = PBXBuildFile; fileRef = B1E06533256524EF00948AB5 /* Boxing.swift */; };
/* End PBXBuildFile section */

/* Begin PBXFileReference section */
		B10DF888252C629C000FF924 /* Calendar.swift */ = {isa = PBXFileReference; lastKnownFileType = sourcecode.swift; path = Calendar.swift; sourceTree = "<group>"; };
		B11483FF25309EA100216541 /* Color.swift */ = {isa = PBXFileReference; lastKnownFileType = sourcecode.swift; path = Color.swift; sourceTree = "<group>"; };
		B117AECA253217880046AAE9 /* String.swift */ = {isa = PBXFileReference; lastKnownFileType = sourcecode.swift; path = String.swift; sourceTree = "<group>"; };
		B1228E1225289DDB00567062 /* UIImage.swift */ = {isa = PBXFileReference; lastKnownFileType = sourcecode.swift; path = UIImage.swift; sourceTree = "<group>"; };
		B1294492253469D4002FD1EF /* CalendarButton.swift */ = {isa = PBXFileReference; lastKnownFileType = sourcecode.swift; path = CalendarButton.swift; sourceTree = "<group>"; };
		B12944942534A807002FD1EF /* AlarmButton.swift */ = {isa = PBXFileReference; lastKnownFileType = sourcecode.swift; path = AlarmButton.swift; sourceTree = "<group>"; };
		B12944962534C7E1002FD1EF /* Angle.swift */ = {isa = PBXFileReference; lastKnownFileType = sourcecode.swift; path = Angle.swift; sourceTree = "<group>"; };
		B12F7E5B2529F83600B71AAC /* PushNotificationService.swift */ = {isa = PBXFileReference; lastKnownFileType = sourcecode.swift; path = PushNotificationService.swift; sourceTree = "<group>"; };
		B13875DB25710057002DA626 /* TopMenuTableViewCell.swift */ = {isa = PBXFileReference; lastKnownFileType = sourcecode.swift; path = TopMenuTableViewCell.swift; sourceTree = "<group>"; };
		B13875DD25710985002DA626 /* MainMenuTableViewCell.swift */ = {isa = PBXFileReference; lastKnownFileType = sourcecode.swift; path = MainMenuTableViewCell.swift; sourceTree = "<group>"; };
		B13875DF257121E7002DA626 /* NSObject.swift */ = {isa = PBXFileReference; lastKnownFileType = sourcecode.swift; path = NSObject.swift; sourceTree = "<group>"; };
		B13875E125714E88002DA626 /* MenuModel.swift */ = {isa = PBXFileReference; lastKnownFileType = sourcecode.swift; path = MenuModel.swift; sourceTree = "<group>"; };
		B13875E325715003002DA626 /* MenuViewModel.swift */ = {isa = PBXFileReference; lastKnownFileType = sourcecode.swift; path = MenuViewModel.swift; sourceTree = "<group>"; };
		B13875E625715026002DA626 /* MenuViewModelType.swift */ = {isa = PBXFileReference; lastKnownFileType = sourcecode.swift; path = MenuViewModelType.swift; sourceTree = "<group>"; };
		B13875E825715032002DA626 /* MenuViewModelInputs.swift */ = {isa = PBXFileReference; lastKnownFileType = sourcecode.swift; path = MenuViewModelInputs.swift; sourceTree = "<group>"; };
		B13875EA2571503D002DA626 /* MenuViewModelOutputs.swift */ = {isa = PBXFileReference; lastKnownFileType = sourcecode.swift; path = MenuViewModelOutputs.swift; sourceTree = "<group>"; };
		B13875EC257159CF002DA626 /* CreateShortcutMenuTableViewCell.swift */ = {isa = PBXFileReference; lastKnownFileType = sourcecode.swift; path = CreateShortcutMenuTableViewCell.swift; sourceTree = "<group>"; };
		B13875EE25715DD2002DA626 /* ShortcutMenuTableViewCell.swift */ = {isa = PBXFileReference; lastKnownFileType = sourcecode.swift; path = ShortcutMenuTableViewCell.swift; sourceTree = "<group>"; };
		B15C9B662569156A00A809B1 /* CalendarPickerViewModelOutputs.swift */ = {isa = PBXFileReference; lastKnownFileType = sourcecode.swift; path = CalendarPickerViewModelOutputs.swift; sourceTree = "<group>"; };
		B15C9B7325695B6600A809B1 /* DetailTaskViewModelType.swift */ = {isa = PBXFileReference; lastKnownFileType = sourcecode.swift; path = DetailTaskViewModelType.swift; sourceTree = "<group>"; };
		B15C9B7525695B7E00A809B1 /* DetailTaskViewModelInputs.swift */ = {isa = PBXFileReference; lastKnownFileType = sourcecode.swift; path = DetailTaskViewModelInputs.swift; sourceTree = "<group>"; };
		B15C9B7725695B9E00A809B1 /* DetailTaskViewModelOutputs.swift */ = {isa = PBXFileReference; lastKnownFileType = sourcecode.swift; path = DetailTaskViewModelOutputs.swift; sourceTree = "<group>"; };
		B15C9B7925695BB800A809B1 /* DetailTaskViewModel.swift */ = {isa = PBXFileReference; lastKnownFileType = sourcecode.swift; path = DetailTaskViewModel.swift; sourceTree = "<group>"; };
		B1603C512521C0480022BE49 /* DailyModel.swift */ = {isa = PBXFileReference; lastKnownFileType = sourcecode.swift; path = DailyModel.swift; sourceTree = "<group>"; };
		B1603C542521C5C20022BE49 /* TaskListTableViewCell.swift */ = {isa = PBXFileReference; lastKnownFileType = sourcecode.swift; path = TaskListTableViewCell.swift; sourceTree = "<group>"; };
		B1603C592521EAB70022BE49 /* UIViewController.swift */ = {isa = PBXFileReference; lastKnownFileType = sourcecode.swift; path = UIViewController.swift; sourceTree = "<group>"; };
		B1603C5B2521FC200022BE49 /* DetailTaskViewController.swift */ = {isa = PBXFileReference; lastKnownFileType = sourcecode.swift; path = DetailTaskViewController.swift; sourceTree = "<group>"; };
		B1664044254464C8007D1AFD /* UIBarButtonItem.swift */ = {isa = PBXFileReference; lastKnownFileType = sourcecode.swift; path = UIBarButtonItem.swift; sourceTree = "<group>"; };
		B1804BB7255A8CED007FECCF /* StyleGuide.swift */ = {isa = PBXFileReference; lastKnownFileType = sourcecode.swift; path = StyleGuide.swift; sourceTree = "<group>"; };
		B18349E2256AEA9800D0D096 /* Coordinator.swift */ = {isa = PBXFileReference; lastKnownFileType = sourcecode.swift; path = Coordinator.swift; sourceTree = "<group>"; };
		B18349E6256AEACB00D0D096 /* PresenterController.swift */ = {isa = PBXFileReference; lastKnownFileType = sourcecode.swift; path = PresenterController.swift; sourceTree = "<group>"; };
		B18349E8256AEAF300D0D096 /* PresentableController.swift */ = {isa = PBXFileReference; lastKnownFileType = sourcecode.swift; path = PresentableController.swift; sourceTree = "<group>"; };
		B18349EA256AEB4E00D0D096 /* ContainerPresenterController.swift */ = {isa = PBXFileReference; lastKnownFileType = sourcecode.swift; path = ContainerPresenterController.swift; sourceTree = "<group>"; };
		B18349EC256AEB7500D0D096 /* MainCoordinator.swift */ = {isa = PBXFileReference; lastKnownFileType = sourcecode.swift; path = MainCoordinator.swift; sourceTree = "<group>"; };
		B18349F0256AEC7000D0D096 /* TaskListAssembly.swift */ = {isa = PBXFileReference; lastKnownFileType = sourcecode.swift; path = TaskListAssembly.swift; sourceTree = "<group>"; };
		B18349F3256AF49400D0D096 /* DetailTaskAssembly.swift */ = {isa = PBXFileReference; lastKnownFileType = sourcecode.swift; path = DetailTaskAssembly.swift; sourceTree = "<group>"; };
		B189A98D25247E1C00EAC6A0 /* TimePickerViewController.swift */ = {isa = PBXFileReference; fileEncoding = 4; lastKnownFileType = sourcecode.swift; path = TimePickerViewController.swift; sourceTree = "<group>"; };
		B189A9932524803E00EAC6A0 /* TimePickerViewOutputs.swift */ = {isa = PBXFileReference; lastKnownFileType = sourcecode.swift; path = TimePickerViewOutputs.swift; sourceTree = "<group>"; };
		B189A99625249ACA00EAC6A0 /* testView.xib */ = {isa = PBXFileReference; lastKnownFileType = file.xib; path = testView.xib; sourceTree = "<group>"; };
		B189A9982524D68D00EAC6A0 /* Date.swift */ = {isa = PBXFileReference; lastKnownFileType = sourcecode.swift; path = Date.swift; sourceTree = "<group>"; };
		B18C570C252E168B009D4D03 /* TaskAddButton.swift */ = {isa = PBXFileReference; lastKnownFileType = sourcecode.swift; path = TaskAddButton.swift; sourceTree = "<group>"; };
		B18C91BD2532FA8D004DFB73 /* UIDevice.swift */ = {isa = PBXFileReference; lastKnownFileType = sourcecode.swift; path = UIDevice.swift; sourceTree = "<group>"; };
		B18C91C125334D74004DFB73 /* ImportanceButton.swift */ = {isa = PBXFileReference; lastKnownFileType = sourcecode.swift; path = ImportanceButton.swift; sourceTree = "<group>"; };
		B1A913EC252056FA0021E15C /* Tasker.app */ = {isa = PBXFileReference; explicitFileType = wrapper.application; includeInIndex = 0; path = Tasker.app; sourceTree = BUILT_PRODUCTS_DIR; };
		B1A913EF252056FA0021E15C /* AppDelegate.swift */ = {isa = PBXFileReference; lastKnownFileType = sourcecode.swift; path = AppDelegate.swift; sourceTree = "<group>"; };
		B1A913F9252056FA0021E15C /* Tasker.xcdatamodel */ = {isa = PBXFileReference; lastKnownFileType = wrapper.xcdatamodel; path = Tasker.xcdatamodel; sourceTree = "<group>"; };
		B1A913FB252056FC0021E15C /* Assets.xcassets */ = {isa = PBXFileReference; lastKnownFileType = folder.assetcatalog; path = Assets.xcassets; sourceTree = "<group>"; };
		B1A913FE252056FC0021E15C /* Base */ = {isa = PBXFileReference; lastKnownFileType = file.storyboard; name = Base; path = Base.lproj/LaunchScreen.storyboard; sourceTree = "<group>"; };
		B1A91400252056FC0021E15C /* Info.plist */ = {isa = PBXFileReference; lastKnownFileType = text.plist.xml; path = Info.plist; sourceTree = "<group>"; };
		B1A9140725205DE20021E15C /* CoreDataService.swift */ = {isa = PBXFileReference; lastKnownFileType = sourcecode.swift; path = CoreDataService.swift; sourceTree = "<group>"; };
		B1A914152520636E0021E15C /* TaskListDataSourceCoreDataImpl.swift */ = {isa = PBXFileReference; lastKnownFileType = sourcecode.swift; path = TaskListDataSourceCoreDataImpl.swift; sourceTree = "<group>"; };
		B1A91418252063C30021E15C /* TaskListDataSource.swift */ = {isa = PBXFileReference; lastKnownFileType = sourcecode.swift; path = TaskListDataSource.swift; sourceTree = "<group>"; };
		B1A9141A252063FA0021E15C /* TaskListDataSourceObserver.swift */ = {isa = PBXFileReference; lastKnownFileType = sourcecode.swift; path = TaskListDataSourceObserver.swift; sourceTree = "<group>"; };
		B1A9141C2520775E0021E15C /* TaskModel.swift */ = {isa = PBXFileReference; lastKnownFileType = sourcecode.swift; path = TaskModel.swift; sourceTree = "<group>"; };
		B1A9142225209CC60021E15C /* Task+CoreDataClass.swift */ = {isa = PBXFileReference; lastKnownFileType = sourcecode.swift; path = "Task+CoreDataClass.swift"; sourceTree = "<group>"; };
		B1A9142325209CC60021E15C /* Task+CoreDataProperties.swift */ = {isa = PBXFileReference; lastKnownFileType = sourcecode.swift; path = "Task+CoreDataProperties.swift"; sourceTree = "<group>"; };
		B1A914262520A9250021E15C /* TaskListViewModel.swift */ = {isa = PBXFileReference; lastKnownFileType = sourcecode.swift; path = TaskListViewModel.swift; sourceTree = "<group>"; };
		B1A914282520AB640021E15C /* TaskListView.swift */ = {isa = PBXFileReference; lastKnownFileType = sourcecode.swift; path = TaskListView.swift; sourceTree = "<group>"; };
		B1A9142A2520B2AD0021E15C /* TaskListViewController.swift */ = {isa = PBXFileReference; lastKnownFileType = sourcecode.swift; path = TaskListViewController.swift; sourceTree = "<group>"; };
		B1C39D63256BC72E0005C4B6 /* DetailTaskCoordinator.swift */ = {isa = PBXFileReference; lastKnownFileType = sourcecode.swift; path = DetailTaskCoordinator.swift; sourceTree = "<group>"; };
		B1C39D66256BCB340005C4B6 /* CalendarPickerAssembly.swift */ = {isa = PBXFileReference; lastKnownFileType = sourcecode.swift; path = CalendarPickerAssembly.swift; sourceTree = "<group>"; };
		B1C39D69256BD5390005C4B6 /* TimePickerAssembly.swift */ = {isa = PBXFileReference; lastKnownFileType = sourcecode.swift; path = TimePickerAssembly.swift; sourceTree = "<group>"; };
		B1C39D6C256BE40E0005C4B6 /* MenuViewController.swift */ = {isa = PBXFileReference; lastKnownFileType = sourcecode.swift; path = MenuViewController.swift; sourceTree = "<group>"; };
		B1C5F80C2566551E0040EB3C /* CalendarPickerViewModelInputs.swift */ = {isa = PBXFileReference; lastKnownFileType = sourcecode.swift; path = CalendarPickerViewModelInputs.swift; sourceTree = "<group>"; };
		B1D4CCE4256D26090085C25C /* SettingsViewController.swift */ = {isa = PBXFileReference; lastKnownFileType = sourcecode.swift; path = SettingsViewController.swift; sourceTree = "<group>"; };
		B1D4CCE6256D26700085C25C /* SettingsAssembly.swift */ = {isa = PBXFileReference; lastKnownFileType = sourcecode.swift; path = SettingsAssembly.swift; sourceTree = "<group>"; };
		B1D4CCE8256D36EA0085C25C /* UIButton.swift */ = {isa = PBXFileReference; lastKnownFileType = sourcecode.swift; path = UIButton.swift; sourceTree = "<group>"; };
		B1D5C4B9252AFE8100C4B988 /* NotifyByDateModel.swift */ = {isa = PBXFileReference; lastKnownFileType = sourcecode.swift; path = NotifyByDateModel.swift; sourceTree = "<group>"; };
		B1D5C4BD252B540000C4B988 /* NotificationTaskObserver.swift */ = {isa = PBXFileReference; lastKnownFileType = sourcecode.swift; path = NotificationTaskObserver.swift; sourceTree = "<group>"; };
		B1D5C4BF252B674800C4B988 /* UITableViewCell.swift */ = {isa = PBXFileReference; lastKnownFileType = sourcecode.swift; path = UITableViewCell.swift; sourceTree = "<group>"; };
		B1D5DEA8252365B300124DAD /* Label.swift */ = {isa = PBXFileReference; lastKnownFileType = sourcecode.swift; path = Label.swift; sourceTree = "<group>"; };
		B1D5DEAB2523667500124DAD /* Font.swift */ = {isa = PBXFileReference; lastKnownFileType = sourcecode.swift; path = Font.swift; sourceTree = "<group>"; };
		B1D5DEAD2523690F00124DAD /* Button.swift */ = {isa = PBXFileReference; lastKnownFileType = sourcecode.swift; path = Button.swift; sourceTree = "<group>"; };
		B1D5DEB92523884700124DAD /* CalendarPickerViewController.swift */ = {isa = PBXFileReference; fileEncoding = 4; lastKnownFileType = sourcecode.swift; path = CalendarPickerViewController.swift; sourceTree = "<group>"; };
		B1D5DEBB2523884700124DAD /* MonthModel.swift */ = {isa = PBXFileReference; fileEncoding = 4; lastKnownFileType = sourcecode.swift; path = MonthModel.swift; sourceTree = "<group>"; };
		B1D5DEBC2523884700124DAD /* DayModel.swift */ = {isa = PBXFileReference; fileEncoding = 4; lastKnownFileType = sourcecode.swift; path = DayModel.swift; sourceTree = "<group>"; };
		B1D5DEBE2523884700124DAD /* CalendarPickerFooterView.xib */ = {isa = PBXFileReference; fileEncoding = 4; lastKnownFileType = file.xib; path = CalendarPickerFooterView.xib; sourceTree = "<group>"; };
		B1D5DEBF2523884700124DAD /* CalendarPickerViewCell.xib */ = {isa = PBXFileReference; fileEncoding = 4; lastKnownFileType = file.xib; path = CalendarPickerViewCell.xib; sourceTree = "<group>"; };
		B1D5DEC02523884700124DAD /* CalendarPickerHeaderView.xib */ = {isa = PBXFileReference; fileEncoding = 4; lastKnownFileType = file.xib; path = CalendarPickerHeaderView.xib; sourceTree = "<group>"; };
		B1D5DEC22523884700124DAD /* CalendarPickerFooterView.swift */ = {isa = PBXFileReference; fileEncoding = 4; lastKnownFileType = sourcecode.swift; path = CalendarPickerFooterView.swift; sourceTree = "<group>"; };
		B1D5DEC32523884700124DAD /* CalendarPickerViewCell.swift */ = {isa = PBXFileReference; fileEncoding = 4; lastKnownFileType = sourcecode.swift; path = CalendarPickerViewCell.swift; sourceTree = "<group>"; };
		B1D5DEC42523884700124DAD /* CalendarPickerHeaderView.swift */ = {isa = PBXFileReference; fileEncoding = 4; lastKnownFileType = sourcecode.swift; path = CalendarPickerHeaderView.swift; sourceTree = "<group>"; };
		B1D5DECE252388ED00124DAD /* UIView.swift */ = {isa = PBXFileReference; lastKnownFileType = sourcecode.swift; path = UIView.swift; sourceTree = "<group>"; };
		B1D5DED12523993000124DAD /* CalendarPickerViewOutputs.swift */ = {isa = PBXFileReference; lastKnownFileType = sourcecode.swift; path = CalendarPickerViewOutputs.swift; sourceTree = "<group>"; };
		B1E0652F25651A8300948AB5 /* CalendarPickerViewModelType.swift */ = {isa = PBXFileReference; lastKnownFileType = sourcecode.swift; path = CalendarPickerViewModelType.swift; sourceTree = "<group>"; };
		B1E0653125651EC100948AB5 /* CalendarPickerViewModel.swift */ = {isa = PBXFileReference; lastKnownFileType = sourcecode.swift; path = CalendarPickerViewModel.swift; sourceTree = "<group>"; };
		B1E06533256524EF00948AB5 /* Boxing.swift */ = {isa = PBXFileReference; lastKnownFileType = sourcecode.swift; path = Boxing.swift; sourceTree = "<group>"; };
/* End PBXFileReference section */

/* Begin PBXFrameworksBuildPhase section */
		B1A913E9252056FA0021E15C /* Frameworks */ = {
			isa = PBXFrameworksBuildPhase;
			buildActionMask = 2147483647;
			files = (
			);
			runOnlyForDeploymentPostprocessing = 0;
		};
/* End PBXFrameworksBuildPhase section */

/* Begin PBXGroup section */
		B13875E52571501A002DA626 /* Protocols */ = {
			isa = PBXGroup;
			children = (
				B13875E625715026002DA626 /* MenuViewModelType.swift */,
				B13875E825715032002DA626 /* MenuViewModelInputs.swift */,
				B13875EA2571503D002DA626 /* MenuViewModelOutputs.swift */,
			);
			path = Protocols;
			sourceTree = "<group>";
		};
		B15C9B7125695B4400A809B1 /* Protocols */ = {
			isa = PBXGroup;
			children = (
				B15C9B7325695B6600A809B1 /* DetailTaskViewModelType.swift */,
				B15C9B7525695B7E00A809B1 /* DetailTaskViewModelInputs.swift */,
				B15C9B7725695B9E00A809B1 /* DetailTaskViewModelOutputs.swift */,
			);
			path = Protocols;
			sourceTree = "<group>";
		};
		B15C9B7225695B4C00A809B1 /* ViewModels */ = {
			isa = PBXGroup;
			children = (
				B15C9B7925695BB800A809B1 /* DetailTaskViewModel.swift */,
			);
			path = ViewModels;
			sourceTree = "<group>";
		};
		B1603C532521C5AF0022BE49 /* Cells */ = {
			isa = PBXGroup;
			children = (
				B1603C542521C5C20022BE49 /* TaskListTableViewCell.swift */,
			);
			path = Cells;
			sourceTree = "<group>";
		};
		B1603C582521EA740022BE49 /* Extensions */ = {
			isa = PBXGroup;
			children = (
				B1603C592521EAB70022BE49 /* UIViewController.swift */,
				B1D5DECE252388ED00124DAD /* UIView.swift */,
				B189A9982524D68D00EAC6A0 /* Date.swift */,
				B1228E1225289DDB00567062 /* UIImage.swift */,
				B1D5C4BF252B674800C4B988 /* UITableViewCell.swift */,
				B10DF888252C629C000FF924 /* Calendar.swift */,
				B117AECA253217880046AAE9 /* String.swift */,
				B18C91BD2532FA8D004DFB73 /* UIDevice.swift */,
				B12944962534C7E1002FD1EF /* Angle.swift */,
				B1664044254464C8007D1AFD /* UIBarButtonItem.swift */,
				B1D4CCE8256D36EA0085C25C /* UIButton.swift */,
				B13875DF257121E7002DA626 /* NSObject.swift */,
			);
			path = Extensions;
			sourceTree = "<group>";
		};
		B1804BB6255A8CC9007FECCF /* Common */ = {
			isa = PBXGroup;
			children = (
				B1804BB7255A8CED007FECCF /* StyleGuide.swift */,
				B1E06533256524EF00948AB5 /* Boxing.swift */,
			);
			path = Common;
			sourceTree = "<group>";
		};
		B18349E0256AEA5A00D0D096 /* Coordinators */ = {
			isa = PBXGroup;
			children = (
				B18349E4256AEAB200D0D096 /* Presenters */,
				B18349E1256AEA8700D0D096 /* Protocols */,
				B18349EC256AEB7500D0D096 /* MainCoordinator.swift */,
				B1C39D63256BC72E0005C4B6 /* DetailTaskCoordinator.swift */,
			);
			path = Coordinators;
			sourceTree = "<group>";
		};
		B18349E1256AEA8700D0D096 /* Protocols */ = {
			isa = PBXGroup;
			children = (
				B18349E2256AEA9800D0D096 /* Coordinator.swift */,
				B18349E8256AEAF300D0D096 /* PresentableController.swift */,
			);
			path = Protocols;
			sourceTree = "<group>";
		};
		B18349E4256AEAB200D0D096 /* Presenters */ = {
			isa = PBXGroup;
			children = (
				B18349E5256AEAB900D0D096 /* Protocols */,
				B18349EA256AEB4E00D0D096 /* ContainerPresenterController.swift */,
			);
			path = Presenters;
			sourceTree = "<group>";
		};
		B18349E5256AEAB900D0D096 /* Protocols */ = {
			isa = PBXGroup;
			children = (
				B18349E6256AEACB00D0D096 /* PresenterController.swift */,
			);
			path = Protocols;
			sourceTree = "<group>";
		};
		B18349EE256AEBD200D0D096 /* Screens */ = {
			isa = PBXGroup;
			children = (
				B1D4CCDE256D25940085C25C /* Settings */,
				B1C39D6B256BE3CF0005C4B6 /* SlideMenu */,
				B189A98A25247E1C00EAC6A0 /* TimePicker */,
				B1D5DEB0252386E300124DAD /* DatePicker */,
				B18C91BF25334D4B004DFB73 /* DetailTask */,
				B1A9140E252062270021E15C /* TaskList */,
			);
			path = Screens;
			sourceTree = "<group>";
		};
		B18349F2256AF47000D0D096 /* Assembly */ = {
			isa = PBXGroup;
			children = (
				B18349F3256AF49400D0D096 /* DetailTaskAssembly.swift */,
			);
			path = Assembly;
			sourceTree = "<group>";
		};
		B189A98A25247E1C00EAC6A0 /* TimePicker */ = {
			isa = PBXGroup;
			children = (
				B1C39D68256BD51E0005C4B6 /* Assembly */,
				B189A98B25247E1C00EAC6A0 /* Protocols */,
				B189A98D25247E1C00EAC6A0 /* TimePickerViewController.swift */,
			);
			path = TimePicker;
			sourceTree = "<group>";
		};
		B189A98B25247E1C00EAC6A0 /* Protocols */ = {
			isa = PBXGroup;
			children = (
				B189A9932524803E00EAC6A0 /* TimePickerViewOutputs.swift */,
			);
			path = Protocols;
			sourceTree = "<group>";
		};
		B189A99525249AB700EAC6A0 /* Temp */ = {
			isa = PBXGroup;
			children = (
				B189A99625249ACA00EAC6A0 /* testView.xib */,
			);
			path = Temp;
			sourceTree = "<group>";
		};
		B18C91BF25334D4B004DFB73 /* DetailTask */ = {
			isa = PBXGroup;
			children = (
				B18349F2256AF47000D0D096 /* Assembly */,
				B15C9B7225695B4C00A809B1 /* ViewModels */,
				B15C9B7125695B4400A809B1 /* Protocols */,
				B18C91C025334D63004DFB73 /* Views */,
			);
			name = DetailTask;
			path = DetailTask/DetailTask;
			sourceTree = "<group>";
		};
		B18C91C025334D63004DFB73 /* Views */ = {
			isa = PBXGroup;
			children = (
				B1603C5B2521FC200022BE49 /* DetailTaskViewController.swift */,
				B18C91C125334D74004DFB73 /* ImportanceButton.swift */,
				B1294492253469D4002FD1EF /* CalendarButton.swift */,
				B12944942534A807002FD1EF /* AlarmButton.swift */,
			);
			path = Views;
			sourceTree = "<group>";
		};
		B1A913E3252056FA0021E15C = {
			isa = PBXGroup;
			children = (
				B1A913EE252056FA0021E15C /* Tasker */,
				B1A913ED252056FA0021E15C /* Products */,
			);
			sourceTree = "<group>";
		};
		B1A913ED252056FA0021E15C /* Products */ = {
			isa = PBXGroup;
			children = (
				B1A913EC252056FA0021E15C /* Tasker.app */,
			);
			name = Products;
			sourceTree = "<group>";
		};
		B1A913EE252056FA0021E15C /* Tasker */ = {
			isa = PBXGroup;
			children = (
				B1804BB6255A8CC9007FECCF /* Common */,
				B18349E0256AEA5A00D0D096 /* Coordinators */,
				B18349EE256AEBD200D0D096 /* Screens */,
				B189A99525249AB700EAC6A0 /* Temp */,
				B1D5DEAA2523666A00124DAD /* Resources */,
				B1D5DEA72523659F00124DAD /* Factories */,
				B1603C582521EA740022BE49 /* Extensions */,
				B1A9140D252062070021E15C /* Model */,
				B1A9140625205DD30021E15C /* Services */,
				B1A913EF252056FA0021E15C /* AppDelegate.swift */,
				B1A913FB252056FC0021E15C /* Assets.xcassets */,
				B1A913FD252056FC0021E15C /* LaunchScreen.storyboard */,
				B1A91400252056FC0021E15C /* Info.plist */,
				B1A913F8252056FA0021E15C /* Tasker.xcdatamodeld */,
			);
			path = Tasker;
			sourceTree = "<group>";
		};
		B1A9140625205DD30021E15C /* Services */ = {
			isa = PBXGroup;
			children = (
				B1D5C4BB252B53DE00C4B988 /* PushNotifications */,
				B1A9140725205DE20021E15C /* CoreDataService.swift */,
			);
			path = Services;
			sourceTree = "<group>";
		};
		B1A9140D252062070021E15C /* Model */ = {
			isa = PBXGroup;
			children = (
				B1A9142225209CC60021E15C /* Task+CoreDataClass.swift */,
				B1A9142325209CC60021E15C /* Task+CoreDataProperties.swift */,
				B1A9141C2520775E0021E15C /* TaskModel.swift */,
				B1603C512521C0480022BE49 /* DailyModel.swift */,
				B1D5C4B9252AFE8100C4B988 /* NotifyByDateModel.swift */,
			);
			path = Model;
			sourceTree = "<group>";
		};
		B1A9140E252062270021E15C /* TaskList */ = {
			isa = PBXGroup;
			children = (
				B1A91412252062DF0021E15C /* Assembly */,
				B1A914112520625B0021E15C /* Models */,
				B1A914102520624F0021E15C /* ViewModels */,
				B1A9140F252062360021E15C /* Views */,
			);
			path = TaskList;
			sourceTree = "<group>";
		};
		B1A9140F252062360021E15C /* Views */ = {
			isa = PBXGroup;
			children = (
				B1603C532521C5AF0022BE49 /* Cells */,
				B1A914282520AB640021E15C /* TaskListView.swift */,
				B1A9142A2520B2AD0021E15C /* TaskListViewController.swift */,
				B18C570C252E168B009D4D03 /* TaskAddButton.swift */,
			);
			path = Views;
			sourceTree = "<group>";
		};
		B1A914102520624F0021E15C /* ViewModels */ = {
			isa = PBXGroup;
			children = (
				B1A914262520A9250021E15C /* TaskListViewModel.swift */,
			);
			path = ViewModels;
			sourceTree = "<group>";
		};
		B1A914112520625B0021E15C /* Models */ = {
			isa = PBXGroup;
			children = (
				B1A91417252063A80021E15C /* Protocols */,
				B1A914142520633D0021E15C /* Implementations */,
			);
			path = Models;
			sourceTree = "<group>";
		};
		B1A91412252062DF0021E15C /* Assembly */ = {
			isa = PBXGroup;
			children = (
				B18349F0256AEC7000D0D096 /* TaskListAssembly.swift */,
			);
			path = Assembly;
			sourceTree = "<group>";
		};
		B1A914142520633D0021E15C /* Implementations */ = {
			isa = PBXGroup;
			children = (
				B1A914152520636E0021E15C /* TaskListDataSourceCoreDataImpl.swift */,
			);
			path = Implementations;
			sourceTree = "<group>";
		};
		B1A91417252063A80021E15C /* Protocols */ = {
			isa = PBXGroup;
			children = (
				B1A91418252063C30021E15C /* TaskListDataSource.swift */,
				B1A9141A252063FA0021E15C /* TaskListDataSourceObserver.swift */,
			);
			path = Protocols;
			sourceTree = "<group>";
		};
		B1C39D65256BCB200005C4B6 /* Assembly */ = {
			isa = PBXGroup;
			children = (
				B1C39D66256BCB340005C4B6 /* CalendarPickerAssembly.swift */,
			);
			path = Assembly;
			sourceTree = "<group>";
		};
		B1C39D68256BD51E0005C4B6 /* Assembly */ = {
			isa = PBXGroup;
			children = (
				B1C39D69256BD5390005C4B6 /* TimePickerAssembly.swift */,
			);
			path = Assembly;
			sourceTree = "<group>";
		};
		B1C39D6B256BE3CF0005C4B6 /* SlideMenu */ = {
			isa = PBXGroup;
			children = (
				B1E6987F256FB41C008FB782 /* Models */,
				B1E6987E256FB412008FB782 /* ViewModels */,
				B1E6987D256FB40C008FB782 /* Views */,
			);
			path = SlideMenu;
			sourceTree = "<group>";
		};
		B1D4CCDE256D25940085C25C /* Settings */ = {
			isa = PBXGroup;
			children = (
				B1D4CCDF256D25A30085C25C /* Assembly */,
				B1D4CCE0256D25AB0085C25C /* Protocols */,
				B1D4CCE1256D25B20085C25C /* Models */,
				B1D4CCE3256D25BE0085C25C /* ViewModels */,
				B1D4CCE2256D25B90085C25C /* Views */,
			);
			path = Settings;
			sourceTree = "<group>";
		};
		B1D4CCDF256D25A30085C25C /* Assembly */ = {
			isa = PBXGroup;
			children = (
				B1D4CCE6256D26700085C25C /* SettingsAssembly.swift */,
			);
			path = Assembly;
			sourceTree = "<group>";
		};
		B1D4CCE0256D25AB0085C25C /* Protocols */ = {
			isa = PBXGroup;
			children = (
			);
			path = Protocols;
			sourceTree = "<group>";
		};
		B1D4CCE1256D25B20085C25C /* Models */ = {
			isa = PBXGroup;
			children = (
			);
			path = Models;
			sourceTree = "<group>";
		};
		B1D4CCE2256D25B90085C25C /* Views */ = {
			isa = PBXGroup;
			children = (
				B1D4CCE4256D26090085C25C /* SettingsViewController.swift */,
			);
			path = Views;
			sourceTree = "<group>";
		};
		B1D4CCE3256D25BE0085C25C /* ViewModels */ = {
			isa = PBXGroup;
			children = (
			);
			path = ViewModels;
			sourceTree = "<group>";
		};
		B1D5C4BB252B53DE00C4B988 /* PushNotifications */ = {
			isa = PBXGroup;
			children = (
				B1D5C4BC252B53EB00C4B988 /* Protocols */,
				B12F7E5B2529F83600B71AAC /* PushNotificationService.swift */,
			);
			path = PushNotifications;
			sourceTree = "<group>";
		};
		B1D5C4BC252B53EB00C4B988 /* Protocols */ = {
			isa = PBXGroup;
			children = (
				B1D5C4BD252B540000C4B988 /* NotificationTaskObserver.swift */,
			);
			path = Protocols;
			sourceTree = "<group>";
		};
		B1D5DEA72523659F00124DAD /* Factories */ = {
			isa = PBXGroup;
			children = (
				B1D5DEA8252365B300124DAD /* Label.swift */,
				B1D5DEAD2523690F00124DAD /* Button.swift */,
			);
			path = Factories;
			sourceTree = "<group>";
		};
		B1D5DEAA2523666A00124DAD /* Resources */ = {
			isa = PBXGroup;
			children = (
				B1D5DEAB2523667500124DAD /* Font.swift */,
				B11483FF25309EA100216541 /* Color.swift */,
			);
			path = Resources;
			sourceTree = "<group>";
		};
		B1D5DEB0252386E300124DAD /* DatePicker */ = {
			isa = PBXGroup;
			children = (
				B1C39D65256BCB200005C4B6 /* Assembly */,
				B1D5DEBA2523884700124DAD /* Models */,
				B1D5DEBD2523884700124DAD /* Resources */,
				B1E065352565374100948AB5 /* ViewModels */,
				B1D5DEC12523884700124DAD /* Views */,
			);
			path = DatePicker;
			sourceTree = "<group>";
		};
		B1D5DEBA2523884700124DAD /* Models */ = {
			isa = PBXGroup;
			children = (
				B1D5DEBB2523884700124DAD /* MonthModel.swift */,
				B1D5DEBC2523884700124DAD /* DayModel.swift */,
			);
			path = Models;
			sourceTree = "<group>";
		};
		B1D5DEBD2523884700124DAD /* Resources */ = {
			isa = PBXGroup;
			children = (
				B1D5DEBE2523884700124DAD /* CalendarPickerFooterView.xib */,
				B1D5DEBF2523884700124DAD /* CalendarPickerViewCell.xib */,
				B1D5DEC02523884700124DAD /* CalendarPickerHeaderView.xib */,
			);
			path = Resources;
			sourceTree = "<group>";
		};
		B1D5DEC12523884700124DAD /* Views */ = {
			isa = PBXGroup;
			children = (
				B1E6987B256FB3DF008FB782 /* Protocols */,
				B1D5DEB92523884700124DAD /* CalendarPickerViewController.swift */,
				B1D5DEC22523884700124DAD /* CalendarPickerFooterView.swift */,
				B1D5DEC32523884700124DAD /* CalendarPickerViewCell.swift */,
				B1D5DEC42523884700124DAD /* CalendarPickerHeaderView.swift */,
			);
			path = Views;
			sourceTree = "<group>";
		};
		B1E065352565374100948AB5 /* ViewModels */ = {
			isa = PBXGroup;
			children = (
				B1E6987C256FB3EE008FB782 /* Protocols */,
				B1E0653125651EC100948AB5 /* CalendarPickerViewModel.swift */,
			);
			path = ViewModels;
			sourceTree = "<group>";
		};
		B1E69870256FAD59008FB782 /* CalendarPickerViewModel */ = {
			isa = PBXGroup;
			children = (
				B1E0652F25651A8300948AB5 /* CalendarPickerViewModelType.swift */,
				B1C5F80C2566551E0040EB3C /* CalendarPickerViewModelInputs.swift */,
				B15C9B662569156A00A809B1 /* CalendarPickerViewModelOutputs.swift */,
			);
			path = CalendarPickerViewModel;
			sourceTree = "<group>";
		};
		B1E6987B256FB3DF008FB782 /* Protocols */ = {
			isa = PBXGroup;
			children = (
				B1D5DED12523993000124DAD /* CalendarPickerViewOutputs.swift */,
			);
			path = Protocols;
			sourceTree = "<group>";
		};
		B1E6987C256FB3EE008FB782 /* Protocols */ = {
			isa = PBXGroup;
			children = (
				B1E69870256FAD59008FB782 /* CalendarPickerViewModel */,
			);
			path = Protocols;
			sourceTree = "<group>";
		};
		B1E6987D256FB40C008FB782 /* Views */ = {
			isa = PBXGroup;
			children = (
				B1C39D6C256BE40E0005C4B6 /* MenuViewController.swift */,
				B13875DB25710057002DA626 /* TopMenuTableViewCell.swift */,
				B13875DD25710985002DA626 /* MainMenuTableViewCell.swift */,
				B13875EC257159CF002DA626 /* CreateShortcutMenuTableViewCell.swift */,
				B13875EE25715DD2002DA626 /* ShortcutMenuTableViewCell.swift */,
			);
			path = Views;
			sourceTree = "<group>";
		};
		B1E6987E256FB412008FB782 /* ViewModels */ = {
			isa = PBXGroup;
			children = (
				B13875E52571501A002DA626 /* Protocols */,
				B13875E325715003002DA626 /* MenuViewModel.swift */,
			);
			path = ViewModels;
			sourceTree = "<group>";
		};
		B1E6987F256FB41C008FB782 /* Models */ = {
			isa = PBXGroup;
			children = (
				B13875E125714E88002DA626 /* MenuModel.swift */,
			);
			path = Models;
			sourceTree = "<group>";
		};
/* End PBXGroup section */

/* Begin PBXNativeTarget section */
		B1A913EB252056FA0021E15C /* Tasker */ = {
			isa = PBXNativeTarget;
			buildConfigurationList = B1A91403252056FC0021E15C /* Build configuration list for PBXNativeTarget "Tasker" */;
			buildPhases = (
				B1A913E8252056FA0021E15C /* Sources */,
				B1A913E9252056FA0021E15C /* Frameworks */,
				B1A913EA252056FA0021E15C /* Resources */,
			);
			buildRules = (
			);
			dependencies = (
			);
			name = Tasker;
			productName = Tasker;
			productReference = B1A913EC252056FA0021E15C /* Tasker.app */;
			productType = "com.apple.product-type.application";
		};
/* End PBXNativeTarget section */

/* Begin PBXProject section */
		B1A913E4252056FA0021E15C /* Project object */ = {
			isa = PBXProject;
			attributes = {
				LastSwiftUpdateCheck = 1130;
				LastUpgradeCheck = 1130;
				ORGANIZATIONNAME = itotdel;
				TargetAttributes = {
					B1A913EB252056FA0021E15C = {
						CreatedOnToolsVersion = 11.3.1;
					};
				};
			};
			buildConfigurationList = B1A913E7252056FA0021E15C /* Build configuration list for PBXProject "Tasker" */;
			compatibilityVersion = "Xcode 9.3";
			developmentRegion = en;
			hasScannedForEncodings = 0;
			knownRegions = (
				en,
				Base,
			);
			mainGroup = B1A913E3252056FA0021E15C;
			productRefGroup = B1A913ED252056FA0021E15C /* Products */;
			projectDirPath = "";
			projectRoot = "";
			targets = (
				B1A913EB252056FA0021E15C /* Tasker */,
			);
		};
/* End PBXProject section */

/* Begin PBXResourcesBuildPhase section */
		B1A913EA252056FA0021E15C /* Resources */ = {
			isa = PBXResourcesBuildPhase;
			buildActionMask = 2147483647;
			files = (
				B1A913FF252056FC0021E15C /* LaunchScreen.storyboard in Resources */,
				B1A913FC252056FC0021E15C /* Assets.xcassets in Resources */,
				B1D5DECA2523884700124DAD /* CalendarPickerHeaderView.xib in Resources */,
				B1D5DEC92523884700124DAD /* CalendarPickerViewCell.xib in Resources */,
				B189A99725249ACA00EAC6A0 /* testView.xib in Resources */,
				B1D5DEC82523884700124DAD /* CalendarPickerFooterView.xib in Resources */,
			);
			runOnlyForDeploymentPostprocessing = 0;
		};
/* End PBXResourcesBuildPhase section */

/* Begin PBXSourcesBuildPhase section */
		B1A913E8252056FA0021E15C /* Sources */ = {
			isa = PBXSourcesBuildPhase;
			buildActionMask = 2147483647;
			files = (
				B1A914162520636E0021E15C /* TaskListDataSourceCoreDataImpl.swift in Sources */,
				B1A9142B2520B2AD0021E15C /* TaskListViewController.swift in Sources */,
				B1D5DECC2523884700124DAD /* CalendarPickerViewCell.swift in Sources */,
				B18C91BE2532FA8D004DFB73 /* UIDevice.swift in Sources */,
				B1D5C4BA252AFE8100C4B988 /* NotifyByDateModel.swift in Sources */,
				B13875EF25715DD2002DA626 /* ShortcutMenuTableViewCell.swift in Sources */,
				B1D5DEAC2523667500124DAD /* Font.swift in Sources */,
				B12F7E5C2529F83600B71AAC /* PushNotificationService.swift in Sources */,
				B1D5DECF252388ED00124DAD /* UIView.swift in Sources */,
				B189A99125247E1D00EAC6A0 /* TimePickerViewController.swift in Sources */,
				B1228E1325289DDB00567062 /* UIImage.swift in Sources */,
				B12944952534A807002FD1EF /* AlarmButton.swift in Sources */,
				B1C39D67256BCB340005C4B6 /* CalendarPickerAssembly.swift in Sources */,
				B13875EB2571503D002DA626 /* MenuViewModelOutputs.swift in Sources */,
				B1E0653225651EC100948AB5 /* CalendarPickerViewModel.swift in Sources */,
				B1D5C4BE252B540000C4B988 /* NotificationTaskObserver.swift in Sources */,
				B18349E7256AEACB00D0D096 /* PresenterController.swift in Sources */,
				B1E06534256524EF00948AB5 /* Boxing.swift in Sources */,
				B1D5DEC52523884700124DAD /* CalendarPickerViewController.swift in Sources */,
				B18349F4256AF49400D0D096 /* DetailTaskAssembly.swift in Sources */,
				B1D5C4C0252B674800C4B988 /* UITableViewCell.swift in Sources */,
				B1D4CCE5256D26090085C25C /* SettingsViewController.swift in Sources */,
				B1603C5A2521EAB70022BE49 /* UIViewController.swift in Sources */,
				B1A914272520A9250021E15C /* TaskListViewModel.swift in Sources */,
				B1804BB8255A8CED007FECCF /* StyleGuide.swift in Sources */,
				B1C39D6D256BE40E0005C4B6 /* MenuViewController.swift in Sources */,
				B1A9140825205DE20021E15C /* CoreDataService.swift in Sources */,
				B1D5DED22523993000124DAD /* CalendarPickerViewOutputs.swift in Sources */,
				B18349ED256AEB7500D0D096 /* MainCoordinator.swift in Sources */,
				B13875E725715026002DA626 /* MenuViewModelType.swift in Sources */,
				B1A9141D2520775E0021E15C /* TaskModel.swift in Sources */,
				B117AECB253217880046AAE9 /* String.swift in Sources */,
				B1C39D6A256BD5390005C4B6 /* TimePickerAssembly.swift in Sources */,
				B13875DE25710985002DA626 /* MainMenuTableViewCell.swift in Sources */,
				B1603C552521C5C20022BE49 /* TaskListTableViewCell.swift in Sources */,
				B10DF889252C629C000FF924 /* Calendar.swift in Sources */,
				B15C9B7825695B9E00A809B1 /* DetailTaskViewModelOutputs.swift in Sources */,
				B1A9141B252063FA0021E15C /* TaskListDataSourceObserver.swift in Sources */,
				B18C570D252E168B009D4D03 /* TaskAddButton.swift in Sources */,
				B13875ED257159CF002DA626 /* CreateShortcutMenuTableViewCell.swift in Sources */,
				B1D5DEC72523884700124DAD /* DayModel.swift in Sources */,
				B1D5DECD2523884700124DAD /* CalendarPickerHeaderView.swift in Sources */,
				B114840025309EA100216541 /* Color.swift in Sources */,
				B1D4CCE9256D36EA0085C25C /* UIButton.swift in Sources */,
				B18349F1256AEC7000D0D096 /* TaskListAssembly.swift in Sources */,
				B13875E425715003002DA626 /* MenuViewModel.swift in Sources */,
				B1C5F80D2566551E0040EB3C /* CalendarPickerViewModelInputs.swift in Sources */,
				B1A913FA252056FA0021E15C /* Tasker.xcdatamodeld in Sources */,
				B1A91419252063C30021E15C /* TaskListDataSource.swift in Sources */,
				B1294493253469D4002FD1EF /* CalendarButton.swift in Sources */,
				B15C9B7A25695BB800A809B1 /* DetailTaskViewModel.swift in Sources */,
				B1A9142425209CC60021E15C /* Task+CoreDataClass.swift in Sources */,
				B13875DC25710057002DA626 /* TopMenuTableViewCell.swift in Sources */,
				B1C39D64256BC72E0005C4B6 /* DetailTaskCoordinator.swift in Sources */,
				B1603C5C2521FC200022BE49 /* DetailTaskViewController.swift in Sources */,
				B1A9142525209CC60021E15C /* Task+CoreDataProperties.swift in Sources */,
				B13875E225714E88002DA626 /* MenuModel.swift in Sources */,
				B189A9992524D68D00EAC6A0 /* Date.swift in Sources */,
				B18349EB256AEB4E00D0D096 /* ContainerPresenterController.swift in Sources */,
				B13875E925715032002DA626 /* MenuViewModelInputs.swift in Sources */,
				B1A913F0252056FA0021E15C /* AppDelegate.swift in Sources */,
				B18C91C225334D74004DFB73 /* ImportanceButton.swift in Sources */,
				B15C9B7625695B7E00A809B1 /* DetailTaskViewModelInputs.swift in Sources */,
				B1D5DEC62523884700124DAD /* MonthModel.swift in Sources */,
				B13875E0257121E7002DA626 /* NSObject.swift in Sources */,
				B1D4CCE7256D26700085C25C /* SettingsAssembly.swift in Sources */,
				B1A914292520AB640021E15C /* TaskListView.swift in Sources */,
				B189A9942524803E00EAC6A0 /* TimePickerViewOutputs.swift in Sources */,
				B15C9B672569156A00A809B1 /* CalendarPickerViewModelOutputs.swift in Sources */,
				B1D5DEA9252365B300124DAD /* Label.swift in Sources */,
				B15C9B7425695B6600A809B1 /* DetailTaskViewModelType.swift in Sources */,
				B18349E9256AEAF300D0D096 /* PresentableController.swift in Sources */,
				B1603C522521C0480022BE49 /* DailyModel.swift in Sources */,
				B1D5DEAE2523690F00124DAD /* Button.swift in Sources */,
				B1664045254464C8007D1AFD /* UIBarButtonItem.swift in Sources */,
				B1D5DECB2523884700124DAD /* CalendarPickerFooterView.swift in Sources */,
				B1E0653025651A8300948AB5 /* CalendarPickerViewModelType.swift in Sources */,
				B18349E3256AEA9800D0D096 /* Coordinator.swift in Sources */,
				B12944972534C7E1002FD1EF /* Angle.swift in Sources */,
			);
			runOnlyForDeploymentPostprocessing = 0;
		};
/* End PBXSourcesBuildPhase section */

/* Begin PBXVariantGroup section */
		B1A913FD252056FC0021E15C /* LaunchScreen.storyboard */ = {
			isa = PBXVariantGroup;
			children = (
				B1A913FE252056FC0021E15C /* Base */,
			);
			name = LaunchScreen.storyboard;
			sourceTree = "<group>";
		};
/* End PBXVariantGroup section */

/* Begin XCBuildConfiguration section */
		B1A91401252056FC0021E15C /* Debug */ = {
			isa = XCBuildConfiguration;
			buildSettings = {
				ALWAYS_SEARCH_USER_PATHS = NO;
				CLANG_ANALYZER_NONNULL = YES;
				CLANG_ANALYZER_NUMBER_OBJECT_CONVERSION = YES_AGGRESSIVE;
				CLANG_CXX_LANGUAGE_STANDARD = "gnu++14";
				CLANG_CXX_LIBRARY = "libc++";
				CLANG_ENABLE_MODULES = YES;
				CLANG_ENABLE_OBJC_ARC = YES;
				CLANG_ENABLE_OBJC_WEAK = YES;
				CLANG_WARN_BLOCK_CAPTURE_AUTORELEASING = YES;
				CLANG_WARN_BOOL_CONVERSION = YES;
				CLANG_WARN_COMMA = YES;
				CLANG_WARN_CONSTANT_CONVERSION = YES;
				CLANG_WARN_DEPRECATED_OBJC_IMPLEMENTATIONS = YES;
				CLANG_WARN_DIRECT_OBJC_ISA_USAGE = YES_ERROR;
				CLANG_WARN_DOCUMENTATION_COMMENTS = YES;
				CLANG_WARN_EMPTY_BODY = YES;
				CLANG_WARN_ENUM_CONVERSION = YES;
				CLANG_WARN_INFINITE_RECURSION = YES;
				CLANG_WARN_INT_CONVERSION = YES;
				CLANG_WARN_NON_LITERAL_NULL_CONVERSION = YES;
				CLANG_WARN_OBJC_IMPLICIT_RETAIN_SELF = YES;
				CLANG_WARN_OBJC_LITERAL_CONVERSION = YES;
				CLANG_WARN_OBJC_ROOT_CLASS = YES_ERROR;
				CLANG_WARN_RANGE_LOOP_ANALYSIS = YES;
				CLANG_WARN_STRICT_PROTOTYPES = YES;
				CLANG_WARN_SUSPICIOUS_MOVE = YES;
				CLANG_WARN_UNGUARDED_AVAILABILITY = YES_AGGRESSIVE;
				CLANG_WARN_UNREACHABLE_CODE = YES;
				CLANG_WARN__DUPLICATE_METHOD_MATCH = YES;
				COPY_PHASE_STRIP = NO;
				DEBUG_INFORMATION_FORMAT = dwarf;
				ENABLE_STRICT_OBJC_MSGSEND = YES;
				ENABLE_TESTABILITY = YES;
				GCC_C_LANGUAGE_STANDARD = gnu11;
				GCC_DYNAMIC_NO_PIC = NO;
				GCC_NO_COMMON_BLOCKS = YES;
				GCC_OPTIMIZATION_LEVEL = 0;
				GCC_PREPROCESSOR_DEFINITIONS = (
					"DEBUG=1",
					"$(inherited)",
				);
				GCC_WARN_64_TO_32_BIT_CONVERSION = YES;
				GCC_WARN_ABOUT_RETURN_TYPE = YES_ERROR;
				GCC_WARN_UNDECLARED_SELECTOR = YES;
				GCC_WARN_UNINITIALIZED_AUTOS = YES_AGGRESSIVE;
				GCC_WARN_UNUSED_FUNCTION = YES;
				GCC_WARN_UNUSED_VARIABLE = YES;
				IPHONEOS_DEPLOYMENT_TARGET = 11.4;
				MTL_ENABLE_DEBUG_INFO = INCLUDE_SOURCE;
				MTL_FAST_MATH = YES;
				ONLY_ACTIVE_ARCH = YES;
				SDKROOT = iphoneos;
				SWIFT_ACTIVE_COMPILATION_CONDITIONS = DEBUG;
				SWIFT_OPTIMIZATION_LEVEL = "-Onone";
			};
			name = Debug;
		};
		B1A91402252056FC0021E15C /* Release */ = {
			isa = XCBuildConfiguration;
			buildSettings = {
				ALWAYS_SEARCH_USER_PATHS = NO;
				CLANG_ANALYZER_NONNULL = YES;
				CLANG_ANALYZER_NUMBER_OBJECT_CONVERSION = YES_AGGRESSIVE;
				CLANG_CXX_LANGUAGE_STANDARD = "gnu++14";
				CLANG_CXX_LIBRARY = "libc++";
				CLANG_ENABLE_MODULES = YES;
				CLANG_ENABLE_OBJC_ARC = YES;
				CLANG_ENABLE_OBJC_WEAK = YES;
				CLANG_WARN_BLOCK_CAPTURE_AUTORELEASING = YES;
				CLANG_WARN_BOOL_CONVERSION = YES;
				CLANG_WARN_COMMA = YES;
				CLANG_WARN_CONSTANT_CONVERSION = YES;
				CLANG_WARN_DEPRECATED_OBJC_IMPLEMENTATIONS = YES;
				CLANG_WARN_DIRECT_OBJC_ISA_USAGE = YES_ERROR;
				CLANG_WARN_DOCUMENTATION_COMMENTS = YES;
				CLANG_WARN_EMPTY_BODY = YES;
				CLANG_WARN_ENUM_CONVERSION = YES;
				CLANG_WARN_INFINITE_RECURSION = YES;
				CLANG_WARN_INT_CONVERSION = YES;
				CLANG_WARN_NON_LITERAL_NULL_CONVERSION = YES;
				CLANG_WARN_OBJC_IMPLICIT_RETAIN_SELF = YES;
				CLANG_WARN_OBJC_LITERAL_CONVERSION = YES;
				CLANG_WARN_OBJC_ROOT_CLASS = YES_ERROR;
				CLANG_WARN_RANGE_LOOP_ANALYSIS = YES;
				CLANG_WARN_STRICT_PROTOTYPES = YES;
				CLANG_WARN_SUSPICIOUS_MOVE = YES;
				CLANG_WARN_UNGUARDED_AVAILABILITY = YES_AGGRESSIVE;
				CLANG_WARN_UNREACHABLE_CODE = YES;
				CLANG_WARN__DUPLICATE_METHOD_MATCH = YES;
				COPY_PHASE_STRIP = NO;
				DEBUG_INFORMATION_FORMAT = "dwarf-with-dsym";
				ENABLE_NS_ASSERTIONS = NO;
				ENABLE_STRICT_OBJC_MSGSEND = YES;
				GCC_C_LANGUAGE_STANDARD = gnu11;
				GCC_NO_COMMON_BLOCKS = YES;
				GCC_WARN_64_TO_32_BIT_CONVERSION = YES;
				GCC_WARN_ABOUT_RETURN_TYPE = YES_ERROR;
				GCC_WARN_UNDECLARED_SELECTOR = YES;
				GCC_WARN_UNINITIALIZED_AUTOS = YES_AGGRESSIVE;
				GCC_WARN_UNUSED_FUNCTION = YES;
				GCC_WARN_UNUSED_VARIABLE = YES;
				IPHONEOS_DEPLOYMENT_TARGET = 11.4;
				MTL_ENABLE_DEBUG_INFO = NO;
				MTL_FAST_MATH = YES;
				SDKROOT = iphoneos;
				SWIFT_COMPILATION_MODE = wholemodule;
				SWIFT_OPTIMIZATION_LEVEL = "-O";
				VALIDATE_PRODUCT = YES;
			};
			name = Release;
		};
		B1A91404252056FC0021E15C /* Debug */ = {
			isa = XCBuildConfiguration;
			buildSettings = {
				ASSETCATALOG_COMPILER_APPICON_NAME = AppIcon;
				CODE_SIGN_STYLE = Automatic;
				DEVELOPMENT_TEAM = DUBTL9M98H;
				INFOPLIST_FILE = Tasker/Info.plist;
				IPHONEOS_DEPLOYMENT_TARGET = 11.4;
				LD_RUNPATH_SEARCH_PATHS = (
					"$(inherited)",
					"@executable_path/Frameworks",
				);
				PRODUCT_BUNDLE_IDENTIFIER = tasker.Tasker;
				PRODUCT_NAME = "$(TARGET_NAME)";
				SWIFT_VERSION = 5.0;
				TARGETED_DEVICE_FAMILY = 1;
			};
			name = Debug;
		};
		B1A91405252056FC0021E15C /* Release */ = {
			isa = XCBuildConfiguration;
			buildSettings = {
				ASSETCATALOG_COMPILER_APPICON_NAME = AppIcon;
				CODE_SIGN_STYLE = Automatic;
				DEVELOPMENT_TEAM = DUBTL9M98H;
				INFOPLIST_FILE = Tasker/Info.plist;
				IPHONEOS_DEPLOYMENT_TARGET = 11.4;
				LD_RUNPATH_SEARCH_PATHS = (
					"$(inherited)",
					"@executable_path/Frameworks",
				);
				PRODUCT_BUNDLE_IDENTIFIER = tasker.Tasker;
				PRODUCT_NAME = "$(TARGET_NAME)";
				SWIFT_VERSION = 5.0;
				TARGETED_DEVICE_FAMILY = 1;
			};
			name = Release;
		};
/* End XCBuildConfiguration section */

/* Begin XCConfigurationList section */
		B1A913E7252056FA0021E15C /* Build configuration list for PBXProject "Tasker" */ = {
			isa = XCConfigurationList;
			buildConfigurations = (
				B1A91401252056FC0021E15C /* Debug */,
				B1A91402252056FC0021E15C /* Release */,
			);
			defaultConfigurationIsVisible = 0;
			defaultConfigurationName = Release;
		};
		B1A91403252056FC0021E15C /* Build configuration list for PBXNativeTarget "Tasker" */ = {
			isa = XCConfigurationList;
			buildConfigurations = (
				B1A91404252056FC0021E15C /* Debug */,
				B1A91405252056FC0021E15C /* Release */,
			);
			defaultConfigurationIsVisible = 0;
			defaultConfigurationName = Release;
		};
/* End XCConfigurationList section */

/* Begin XCVersionGroup section */
		B1A913F8252056FA0021E15C /* Tasker.xcdatamodeld */ = {
			isa = XCVersionGroup;
			children = (
				B1A913F9252056FA0021E15C /* Tasker.xcdatamodel */,
			);
			currentVersion = B1A913F9252056FA0021E15C /* Tasker.xcdatamodel */;
			path = Tasker.xcdatamodeld;
			sourceTree = "<group>";
			versionGroupType = wrapper.xcdatamodel;
		};
/* End XCVersionGroup section */
	};
	rootObject = B1A913E4252056FA0021E15C /* Project object */;
}
